// !$*UTF8*$!
{
	archiveVersion = 1;
	classes = {
	};
	objectVersion = 46;
	objects = {

/* Begin PBXBuildFile section */
		03AC305C546FEDB7C2A7E1A8 /* b2FrictionJoint.cpp in Sources */ = {isa = PBXBuildFile; fileRef = F4B51E6F303E7CFF1C9150FA /* b2FrictionJoint.cpp */; };
		0B399DEC7ADBF7A3B1CF81A9 /* b2EdgeAndPolygonContact.cpp in Sources */ = {isa = PBXBuildFile; fileRef = E5353287AF773C13F047F446 /* b2EdgeAndPolygonContact.cpp */; };
		0C7BD977292F7D20B41DF594 /* b2StackAllocator.cpp in Sources */ = {isa = PBXBuildFile; fileRef = 920CFC6D7E43EED2B7B03746 /* b2StackAllocator.cpp */; };
		12548B44285B5C07EEA5379C /* ofxBox2dJoint.cpp in Sources */ = {isa = PBXBuildFile; fileRef = A50D78022165A0491D5BACDE /* ofxBox2dJoint.cpp */; };
		14D76FD1B7F190398D120FA4 /* b2Joint.cpp in Sources */ = {isa = PBXBuildFile; fileRef = F23A5411F24089D7577898A9 /* b2Joint.cpp */; };
		14F3FB468FED85DD86CC9BCF /* b2DistanceJoint.cpp in Sources */ = {isa = PBXBuildFile; fileRef = 87C1E2A2CC108C32B0D02B08 /* b2DistanceJoint.cpp */; };
		19894C344A6861A26A61D2C0 /* b2TimeOfImpact.cpp in Sources */ = {isa = PBXBuildFile; fileRef = 72D68EFE6B068991551C750D /* b2TimeOfImpact.cpp */; };
		1B19FD7E51B73109C4AC02D9 /* b2BroadPhase.cpp in Sources */ = {isa = PBXBuildFile; fileRef = B75D46D6B41E78DF2B519A18 /* b2BroadPhase.cpp */; };
		1BE4156E2DF3B30461C48C70 /* b2Timer.cpp in Sources */ = {isa = PBXBuildFile; fileRef = E555B42DF1D4FF502F76F8AF /* b2Timer.cpp */; };
		1FC2864D958F177964A20421 /* b2ChainAndCircleContact.cpp in Sources */ = {isa = PBXBuildFile; fileRef = FD20B1FFE795860DB1C68BF2 /* b2ChainAndCircleContact.cpp */; };
		22A83FE368C671FA8DBD5E51 /* b2Math.cpp in Sources */ = {isa = PBXBuildFile; fileRef = F672EBFCB4887C08BBB23527 /* b2Math.cpp */; };
		298EAD2C029D9959F5B32246 /* b2CollidePolygon.cpp in Sources */ = {isa = PBXBuildFile; fileRef = 9E4379C040A2C0896393EEAB /* b2CollidePolygon.cpp */; };
		2A5D09413FD64EB3AF88EF02 /* b2GearJoint.cpp in Sources */ = {isa = PBXBuildFile; fileRef = 930EB8BAAA6A962411EC197D /* b2GearJoint.cpp */; };
		2F666321514A2075B12CE4EE /* b2CollideCircle.cpp in Sources */ = {isa = PBXBuildFile; fileRef = E5922CF5578D5431F2AB941D /* b2CollideCircle.cpp */; };
		370CDDF0DD53C5453DBD3F22 /* b2Rope.cpp in Sources */ = {isa = PBXBuildFile; fileRef = 205C01CCE4351EE1038CED3A /* b2Rope.cpp */; };
		39303C5BE86B7B4AD0770567 /* b2ChainAndPolygonContact.cpp in Sources */ = {isa = PBXBuildFile; fileRef = 7C40005C8E31A7EA72DAA169 /* b2ChainAndPolygonContact.cpp */; };
		3E76A164B41BCEB11B15C175 /* b2Body.cpp in Sources */ = {isa = PBXBuildFile; fileRef = A296623A714C9F8EDB4BCA26 /* b2Body.cpp */; };
		408954594723264E14D73311 /* ofxBox2dConvexPoly.cpp in Sources */ = {isa = PBXBuildFile; fileRef = 17C2E77C2DD6792739DC38F8 /* ofxBox2dConvexPoly.cpp */; };
		41DDB078572B368F685E19F8 /* b2PolygonContact.cpp in Sources */ = {isa = PBXBuildFile; fileRef = 993DA2BF507B037B97E6FA16 /* b2PolygonContact.cpp */; };
		453D704CD216672147B2EEC2 /* b2ChainShape.cpp in Sources */ = {isa = PBXBuildFile; fileRef = DE43534A988827E5CFB416AC /* b2ChainShape.cpp */; };
		4CC0FD96DE77FF40BBCF8DD8 /* del_impl.cpp in Sources */ = {isa = PBXBuildFile; fileRef = 3EC06DC33990374E7508E4EA /* del_impl.cpp */; };
		4D09B9611BCF4603581DFEE4 /* ofxBox2dEdge.cpp in Sources */ = {isa = PBXBuildFile; fileRef = 6A1DFAD3E6A60811ED69924F /* ofxBox2dEdge.cpp */; };
		5146AEB9E58FB1B388820C2A /* b2WorldCallbacks.cpp in Sources */ = {isa = PBXBuildFile; fileRef = 561370923A365A4A9DC9FB8A /* b2WorldCallbacks.cpp */; };
		567EAD3312621D7A0BE6DBCB /* grigliata.cpp in Sources */ = {isa = PBXBuildFile; fileRef = CEADFD55AD63D84738B3BA12 /* grigliata.cpp */; };
		64F975DC016F17834FBB9F01 /* b2PrismaticJoint.cpp in Sources */ = {isa = PBXBuildFile; fileRef = EAC7229CC8FEF0087C9482F1 /* b2PrismaticJoint.cpp */; };
		684CFB2E4AC045640B3A61F8 /* b2WheelJoint.cpp in Sources */ = {isa = PBXBuildFile; fileRef = D18AF2C4EAE1F91A3CC44475 /* b2WheelJoint.cpp */; };
		6DEA36329DE746459C62983F /* b2EdgeShape.cpp in Sources */ = {isa = PBXBuildFile; fileRef = 2740F234BABAAF7475AC01AA /* b2EdgeShape.cpp */; };
		6FCE95D2EF10ACCEC2724688 /* b2Island.cpp in Sources */ = {isa = PBXBuildFile; fileRef = 5C703FD5B2D1D10BAEE01BEA /* b2Island.cpp */; };
		70ACBBD5DBE2725EC1E99CCF /* b2CircleContact.cpp in Sources */ = {isa = PBXBuildFile; fileRef = 4C1A083AC6F4F462EBC57565 /* b2CircleContact.cpp */; };
		71C677669B75120425DE19D4 /* b2DynamicTree.cpp in Sources */ = {isa = PBXBuildFile; fileRef = 5738A60D76F5B706CB90C164 /* b2DynamicTree.cpp */; };
		7E1AAAB7A2F92465251AE49E /* b2PolygonAndCircleContact.cpp in Sources */ = {isa = PBXBuildFile; fileRef = 804B4F86C3DAA1E51794D893 /* b2PolygonAndCircleContact.cpp */; };
		84C16795ED7DB4BDEF1FBA40 /* barretta.cpp in Sources */ = {isa = PBXBuildFile; fileRef = 913D87643233A5C480552F13 /* barretta.cpp */; };
		87C5C3DED336B7BB4A5D06D6 /* b2WeldJoint.cpp in Sources */ = {isa = PBXBuildFile; fileRef = 84B1B4A3E366385F8EEECD61 /* b2WeldJoint.cpp */; };
		89F31F234274A62F3501E2EE /* b2Draw.cpp in Sources */ = {isa = PBXBuildFile; fileRef = 9B868B25E5784F27CBC75D45 /* b2Draw.cpp */; };
		981EA7C2357295AE8501F4C6 /* b2PolygonShape.cpp in Sources */ = {isa = PBXBuildFile; fileRef = CC3FCAE32B28B52708484DC5 /* b2PolygonShape.cpp */; };
		9D0AA091FE805EB564CD05D0 /* b2RopeJoint.cpp in Sources */ = {isa = PBXBuildFile; fileRef = AF1A6A7D5CD5468B3F846A62 /* b2RopeJoint.cpp */; };
		9F9D49CFC30BA1589822E7AB /* b2PulleyJoint.cpp in Sources */ = {isa = PBXBuildFile; fileRef = DEED18744D2E82C919D7D152 /* b2PulleyJoint.cpp */; };
		A2E3224BF9B63DAA802A0F18 /* b2Distance.cpp in Sources */ = {isa = PBXBuildFile; fileRef = E83DBE901C4B79B39C15DC46 /* b2Distance.cpp */; };
		A2E6B252D682A7FB048A1644 /* b2RevoluteJoint.cpp in Sources */ = {isa = PBXBuildFile; fileRef = 3D48FA57F2101B998AFF455C /* b2RevoluteJoint.cpp */; };
		AC527216645D66921FB3E36F /* b2World.cpp in Sources */ = {isa = PBXBuildFile; fileRef = BCCD69F7BE28DA5483CC6DB5 /* b2World.cpp */; };
		AC5A3D9E6C3E12122C80F404 /* b2Collision.cpp in Sources */ = {isa = PBXBuildFile; fileRef = 076E021C881963FF378F36AD /* b2Collision.cpp */; };
		ACB31C66D0D7C71A43276982 /* b2EdgeAndCircleContact.cpp in Sources */ = {isa = PBXBuildFile; fileRef = BCA4D5203BFB8EDC3BDAE67F /* b2EdgeAndCircleContact.cpp */; };
		AE9254BC31C3409899D28DC9 /* ofxBox2dCircle.cpp in Sources */ = {isa = PBXBuildFile; fileRef = 722C442E9D47334908C97A13 /* ofxBox2dCircle.cpp */; };
		B103DF2084E0F38D03E0E6F1 /* ofxBox2dRect.cpp in Sources */ = {isa = PBXBuildFile; fileRef = C2613E67C51FDE6F55873E38 /* ofxBox2dRect.cpp */; };
		B16C89D9CA996CA8FD860D81 /* ofxBox2d.cpp in Sources */ = {isa = PBXBuildFile; fileRef = 229CB9C8AF92D3460F8D554A /* ofxBox2d.cpp */; };
		BB885F5F39C8DA070D80EF02 /* b2BlockAllocator.cpp in Sources */ = {isa = PBXBuildFile; fileRef = A76D962905D0BA4DE02320A5 /* b2BlockAllocator.cpp */; };
		BFD2A0EEBE3B4153659EC355 /* b2Contact.cpp in Sources */ = {isa = PBXBuildFile; fileRef = BBCA857DA9C5F92BF720A6C8 /* b2Contact.cpp */; };
		C1DDE2EB6202440187690701 /* b2MotorJoint.cpp in Sources */ = {isa = PBXBuildFile; fileRef = B4BB2D6A3717A8F7F88D52CD /* b2MotorJoint.cpp */; };
		C3D8EF14A387EA959014AD91 /* b2ContactManager.cpp in Sources */ = {isa = PBXBuildFile; fileRef = 14F573EB8A3C9D93203E1F20 /* b2ContactManager.cpp */; };
		CB503B33759F22A302B8FC6E /* b2Settings.cpp in Sources */ = {isa = PBXBuildFile; fileRef = 52FD632883052641C31C9444 /* b2Settings.cpp */; };
		D2969DE2782BAE96A0C7ADC1 /* b2MouseJoint.cpp in Sources */ = {isa = PBXBuildFile; fileRef = D307392F3F50E30959E20EBA /* b2MouseJoint.cpp */; };
		DA846513DA696B1E8921BBC3 /* b2CircleShape.cpp in Sources */ = {isa = PBXBuildFile; fileRef = 7414DA8EE4DE1570C05C5CA8 /* b2CircleShape.cpp */; };
		DFACEC3A1E9D23315321D7EA /* ofxBox2dPolygon.cpp in Sources */ = {isa = PBXBuildFile; fileRef = F3392D405A715A07DCC8FAC2 /* ofxBox2dPolygon.cpp */; };
		E4328149138ABC9F0047C5CB /* openFrameworksDebug.a in Frameworks */ = {isa = PBXBuildFile; fileRef = E4328148138ABC890047C5CB /* openFrameworksDebug.a */; };
		E4B69E200A3A1BDC003C02F2 /* main.cpp in Sources */ = {isa = PBXBuildFile; fileRef = E4B69E1D0A3A1BDC003C02F2 /* main.cpp */; };
		E4B69E210A3A1BDC003C02F2 /* ofApp.cpp in Sources */ = {isa = PBXBuildFile; fileRef = E4B69E1E0A3A1BDC003C02F2 /* ofApp.cpp */; };
		F2FF2F9D6699B4B328CB6BE3 /* ofxBox2dBaseShape.cpp in Sources */ = {isa = PBXBuildFile; fileRef = 3B2388BEE23F8A1DD0AADBC6 /* ofxBox2dBaseShape.cpp */; };
		F32187D344F58022DFD48C0F /* b2ContactSolver.cpp in Sources */ = {isa = PBXBuildFile; fileRef = F0470D1543962FEC83BB4973 /* b2ContactSolver.cpp */; };
		F387370DB571155BC1282B7D /* b2CollideEdge.cpp in Sources */ = {isa = PBXBuildFile; fileRef = DB5229C686C3BB08137BA36D /* b2CollideEdge.cpp */; };
		F5A472CA08BCAFF8E1985EF7 /* soundLab.cpp in Sources */ = {isa = PBXBuildFile; fileRef = 58399E428E0105C1B38C3B24 /* soundLab.cpp */; };
		FA7300BAC71DAC1ABAF6EE15 /* b2Fixture.cpp in Sources */ = {isa = PBXBuildFile; fileRef = 774DDD1B3F05D3FDF0D37794 /* b2Fixture.cpp */; };
/* End PBXBuildFile section */

/* Begin PBXContainerItemProxy section */
		E4328147138ABC890047C5CB /* PBXContainerItemProxy */ = {
			isa = PBXContainerItemProxy;
			containerPortal = E4328143138ABC890047C5CB /* openFrameworksLib.xcodeproj */;
			proxyType = 2;
			remoteGlobalIDString = E4B27C1510CBEB8E00536013;
			remoteInfo = openFrameworks;
		};
		E4EEB9AB138B136A00A80321 /* PBXContainerItemProxy */ = {
			isa = PBXContainerItemProxy;
			containerPortal = E4328143138ABC890047C5CB /* openFrameworksLib.xcodeproj */;
			proxyType = 1;
			remoteGlobalIDString = E4B27C1410CBEB8E00536013;
			remoteInfo = openFrameworks;
		};
/* End PBXContainerItemProxy section */

/* Begin PBXCopyFilesBuildPhase section */
		E4C2427710CC5ABF004149E2 /* CopyFiles */ = {
			isa = PBXCopyFilesBuildPhase;
			buildActionMask = 2147483647;
			dstPath = "";
			dstSubfolderSpec = 10;
			files = (
			);
			runOnlyForDeploymentPostprocessing = 0;
		};
/* End PBXCopyFilesBuildPhase section */

/* Begin PBXFileReference section */
		00E4168327B058F211D9776C /* ofxBox2dCircle.h */ = {isa = PBXFileReference; explicitFileType = sourcecode.c.h; fileEncoding = 4; name = ofxBox2dCircle.h; path = ../../../addons/ofxBox2d/src/ofxBox2dCircle.h; sourceTree = SOURCE_ROOT; };
		050EBA25C966BAEAE3506468 /* b2Contact.h */ = {isa = PBXFileReference; explicitFileType = sourcecode.c.h; fileEncoding = 4; name = b2Contact.h; path = ../../../addons/ofxBox2d/libs/Box2D/Dynamics/Contacts/b2Contact.h; sourceTree = SOURCE_ROOT; };
		076E021C881963FF378F36AD /* b2Collision.cpp */ = {isa = PBXFileReference; explicitFileType = sourcecode.cpp.cpp; fileEncoding = 4; name = b2Collision.cpp; path = ../../../addons/ofxBox2d/libs/Box2D/Collision/b2Collision.cpp; sourceTree = SOURCE_ROOT; };
		0844A3397D5CCAFD531A4D84 /* b2WheelJoint.h */ = {isa = PBXFileReference; explicitFileType = sourcecode.c.h; fileEncoding = 4; name = b2WheelJoint.h; path = ../../../addons/ofxBox2d/libs/Box2D/Dynamics/Joints/b2WheelJoint.h; sourceTree = SOURCE_ROOT; };
		14F573EB8A3C9D93203E1F20 /* b2ContactManager.cpp */ = {isa = PBXFileReference; explicitFileType = sourcecode.cpp.cpp; fileEncoding = 4; name = b2ContactManager.cpp; path = ../../../addons/ofxBox2d/libs/Box2D/Dynamics/b2ContactManager.cpp; sourceTree = SOURCE_ROOT; };
		153CA24E1856C156C4C6727F /* b2Timer.h */ = {isa = PBXFileReference; explicitFileType = sourcecode.c.h; fileEncoding = 4; name = b2Timer.h; path = ../../../addons/ofxBox2d/libs/Box2D/Common/b2Timer.h; sourceTree = SOURCE_ROOT; };
		17177733C8AB60D9DDDE9850 /* b2FrictionJoint.h */ = {isa = PBXFileReference; explicitFileType = sourcecode.c.h; fileEncoding = 4; name = b2FrictionJoint.h; path = ../../../addons/ofxBox2d/libs/Box2D/Dynamics/Joints/b2FrictionJoint.h; sourceTree = SOURCE_ROOT; };
		17C2E77C2DD6792739DC38F8 /* ofxBox2dConvexPoly.cpp */ = {isa = PBXFileReference; explicitFileType = sourcecode.cpp.cpp; fileEncoding = 4; name = ofxBox2dConvexPoly.cpp; path = ../../../addons/ofxBox2d/src/ofxBox2dConvexPoly.cpp; sourceTree = SOURCE_ROOT; };
		1CA36BDC81DDC3C3E082D2A9 /* barretta.hpp */ = {isa = PBXFileReference; explicitFileType = sourcecode.c.h; fileEncoding = 4; name = barretta.hpp; path = src/barretta.hpp; sourceTree = SOURCE_ROOT; };
		1D96594EB6BCE7C4A6758E77 /* b2PolygonShape.h */ = {isa = PBXFileReference; explicitFileType = sourcecode.c.h; fileEncoding = 4; name = b2PolygonShape.h; path = ../../../addons/ofxBox2d/libs/Box2D/Collision/Shapes/b2PolygonShape.h; sourceTree = SOURCE_ROOT; };
		205C01CCE4351EE1038CED3A /* b2Rope.cpp */ = {isa = PBXFileReference; explicitFileType = sourcecode.cpp.cpp; fileEncoding = 4; name = b2Rope.cpp; path = ../../../addons/ofxBox2d/libs/Box2D/Rope/b2Rope.cpp; sourceTree = SOURCE_ROOT; };
		209BCEF79F286C9203801938 /* b2GearJoint.h */ = {isa = PBXFileReference; explicitFileType = sourcecode.c.h; fileEncoding = 4; name = b2GearJoint.h; path = ../../../addons/ofxBox2d/libs/Box2D/Dynamics/Joints/b2GearJoint.h; sourceTree = SOURCE_ROOT; };
		229CB9C8AF92D3460F8D554A /* ofxBox2d.cpp */ = {isa = PBXFileReference; explicitFileType = sourcecode.cpp.cpp; fileEncoding = 4; name = ofxBox2d.cpp; path = ../../../addons/ofxBox2d/src/ofxBox2d.cpp; sourceTree = SOURCE_ROOT; };
		2740F234BABAAF7475AC01AA /* b2EdgeShape.cpp */ = {isa = PBXFileReference; explicitFileType = sourcecode.cpp.cpp; fileEncoding = 4; name = b2EdgeShape.cpp; path = ../../../addons/ofxBox2d/libs/Box2D/Collision/Shapes/b2EdgeShape.cpp; sourceTree = SOURCE_ROOT; };
		2ED05F6D627B4E70FA2E7678 /* b2PolygonContact.h */ = {isa = PBXFileReference; explicitFileType = sourcecode.c.h; fileEncoding = 4; name = b2PolygonContact.h; path = ../../../addons/ofxBox2d/libs/Box2D/Dynamics/Contacts/b2PolygonContact.h; sourceTree = SOURCE_ROOT; };
		3B2388BEE23F8A1DD0AADBC6 /* ofxBox2dBaseShape.cpp */ = {isa = PBXFileReference; explicitFileType = sourcecode.cpp.cpp; fileEncoding = 4; name = ofxBox2dBaseShape.cpp; path = ../../../addons/ofxBox2d/src/ofxBox2dBaseShape.cpp; sourceTree = SOURCE_ROOT; };
		3C9685D59F4D73A3593DEF83 /* ofxBox2dUtils.h */ = {isa = PBXFileReference; explicitFileType = sourcecode.c.h; fileEncoding = 4; name = ofxBox2dUtils.h; path = ../../../addons/ofxBox2d/src/ofxBox2dUtils.h; sourceTree = SOURCE_ROOT; };
		3D48FA57F2101B998AFF455C /* b2RevoluteJoint.cpp */ = {isa = PBXFileReference; explicitFileType = sourcecode.cpp.cpp; fileEncoding = 4; name = b2RevoluteJoint.cpp; path = ../../../addons/ofxBox2d/libs/Box2D/Dynamics/Joints/b2RevoluteJoint.cpp; sourceTree = SOURCE_ROOT; };
		3EC06DC33990374E7508E4EA /* del_impl.cpp */ = {isa = PBXFileReference; explicitFileType = sourcecode.cpp.cpp; fileEncoding = 4; name = del_impl.cpp; path = ../../../addons/ofxBox2d/libs/triangle/del_impl.cpp; sourceTree = SOURCE_ROOT; };
		469610240A273862D8B39CE4 /* b2Shape.h */ = {isa = PBXFileReference; explicitFileType = sourcecode.c.h; fileEncoding = 4; name = b2Shape.h; path = ../../../addons/ofxBox2d/libs/Box2D/Collision/Shapes/b2Shape.h; sourceTree = SOURCE_ROOT; };
		4C1A083AC6F4F462EBC57565 /* b2CircleContact.cpp */ = {isa = PBXFileReference; explicitFileType = sourcecode.cpp.cpp; fileEncoding = 4; name = b2CircleContact.cpp; path = ../../../addons/ofxBox2d/libs/Box2D/Dynamics/Contacts/b2CircleContact.cpp; sourceTree = SOURCE_ROOT; };
		4C4C77963004E4A4D8FF1D00 /* b2Joint.h */ = {isa = PBXFileReference; explicitFileType = sourcecode.c.h; fileEncoding = 4; name = b2Joint.h; path = ../../../addons/ofxBox2d/libs/Box2D/Dynamics/Joints/b2Joint.h; sourceTree = SOURCE_ROOT; };
		4D12562C5F5BBF307AA55E2E /* b2EdgeShape.h */ = {isa = PBXFileReference; explicitFileType = sourcecode.c.h; fileEncoding = 4; name = b2EdgeShape.h; path = ../../../addons/ofxBox2d/libs/Box2D/Collision/Shapes/b2EdgeShape.h; sourceTree = SOURCE_ROOT; };
		4EDF97D9CFA957D48315B0A9 /* dpoint.hpp */ = {isa = PBXFileReference; explicitFileType = sourcecode.c.h; fileEncoding = 4; name = dpoint.hpp; path = ../../../addons/ofxBox2d/libs/triangle/dpoint.hpp; sourceTree = SOURCE_ROOT; };
		502A47DF926E78CB6A25B537 /* ofxBox2dContactListener.h */ = {isa = PBXFileReference; explicitFileType = sourcecode.c.h; fileEncoding = 4; name = ofxBox2dContactListener.h; path = ../../../addons/ofxBox2d/src/ofxBox2dContactListener.h; sourceTree = SOURCE_ROOT; };
		52C6B12E0D9664019EA67FA8 /* ofxBox2dRect.h */ = {isa = PBXFileReference; explicitFileType = sourcecode.c.h; fileEncoding = 4; name = ofxBox2dRect.h; path = ../../../addons/ofxBox2d/src/ofxBox2dRect.h; sourceTree = SOURCE_ROOT; };
		52FD632883052641C31C9444 /* b2Settings.cpp */ = {isa = PBXFileReference; explicitFileType = sourcecode.cpp.cpp; fileEncoding = 4; name = b2Settings.cpp; path = ../../../addons/ofxBox2d/libs/Box2D/Common/b2Settings.cpp; sourceTree = SOURCE_ROOT; };
		5305DD16135ABC25A2E96F03 /* b2WeldJoint.h */ = {isa = PBXFileReference; explicitFileType = sourcecode.c.h; fileEncoding = 4; name = b2WeldJoint.h; path = ../../../addons/ofxBox2d/libs/Box2D/Dynamics/Joints/b2WeldJoint.h; sourceTree = SOURCE_ROOT; };
		54772CEF289EC0081EEEB3D1 /* b2RevoluteJoint.h */ = {isa = PBXFileReference; explicitFileType = sourcecode.c.h; fileEncoding = 4; name = b2RevoluteJoint.h; path = ../../../addons/ofxBox2d/libs/Box2D/Dynamics/Joints/b2RevoluteJoint.h; sourceTree = SOURCE_ROOT; };
		561370923A365A4A9DC9FB8A /* b2WorldCallbacks.cpp */ = {isa = PBXFileReference; explicitFileType = sourcecode.cpp.cpp; fileEncoding = 4; name = b2WorldCallbacks.cpp; path = ../../../addons/ofxBox2d/libs/Box2D/Dynamics/b2WorldCallbacks.cpp; sourceTree = SOURCE_ROOT; };
		5738A60D76F5B706CB90C164 /* b2DynamicTree.cpp */ = {isa = PBXFileReference; explicitFileType = sourcecode.cpp.cpp; fileEncoding = 4; name = b2DynamicTree.cpp; path = ../../../addons/ofxBox2d/libs/Box2D/Collision/b2DynamicTree.cpp; sourceTree = SOURCE_ROOT; };
		58399E428E0105C1B38C3B24 /* soundLab.cpp */ = {isa = PBXFileReference; explicitFileType = sourcecode.cpp.cpp; fileEncoding = 4; name = soundLab.cpp; path = src/soundLab.cpp; sourceTree = SOURCE_ROOT; };
		59BF1B0E1461AAF080ECFA05 /* b2Rope.h */ = {isa = PBXFileReference; explicitFileType = sourcecode.c.h; fileEncoding = 4; name = b2Rope.h; path = ../../../addons/ofxBox2d/libs/Box2D/Rope/b2Rope.h; sourceTree = SOURCE_ROOT; };
		5C703FD5B2D1D10BAEE01BEA /* b2Island.cpp */ = {isa = PBXFileReference; explicitFileType = sourcecode.cpp.cpp; fileEncoding = 4; name = b2Island.cpp; path = ../../../addons/ofxBox2d/libs/Box2D/Dynamics/b2Island.cpp; sourceTree = SOURCE_ROOT; };
		61084035F9BAD2E934415139 /* b2DynamicTree.h */ = {isa = PBXFileReference; explicitFileType = sourcecode.c.h; fileEncoding = 4; name = b2DynamicTree.h; path = ../../../addons/ofxBox2d/libs/Box2D/Collision/b2DynamicTree.h; sourceTree = SOURCE_ROOT; };
		61D086EE2A0E4D5226F21412 /* b2StackAllocator.h */ = {isa = PBXFileReference; explicitFileType = sourcecode.c.h; fileEncoding = 4; name = b2StackAllocator.h; path = ../../../addons/ofxBox2d/libs/Box2D/Common/b2StackAllocator.h; sourceTree = SOURCE_ROOT; };
		63A6DE8917910BA8F1C7CC40 /* Box2D.h */ = {isa = PBXFileReference; explicitFileType = sourcecode.c.h; fileEncoding = 4; name = Box2D.h; path = ../../../addons/ofxBox2d/libs/Box2D/Box2D.h; sourceTree = SOURCE_ROOT; };
		67E6103DC0F324FAEB33E3F5 /* b2Fixture.h */ = {isa = PBXFileReference; explicitFileType = sourcecode.c.h; fileEncoding = 4; name = b2Fixture.h; path = ../../../addons/ofxBox2d/libs/Box2D/Dynamics/b2Fixture.h; sourceTree = SOURCE_ROOT; };
		6A1DFAD3E6A60811ED69924F /* ofxBox2dEdge.cpp */ = {isa = PBXFileReference; explicitFileType = sourcecode.cpp.cpp; fileEncoding = 4; name = ofxBox2dEdge.cpp; path = ../../../addons/ofxBox2d/src/ofxBox2dEdge.cpp; sourceTree = SOURCE_ROOT; };
		6B0732F355E7243D81EAB81C /* b2WorldCallbacks.h */ = {isa = PBXFileReference; explicitFileType = sourcecode.c.h; fileEncoding = 4; name = b2WorldCallbacks.h; path = ../../../addons/ofxBox2d/libs/Box2D/Dynamics/b2WorldCallbacks.h; sourceTree = SOURCE_ROOT; };
		6B991C1BAE4D8067BF37E903 /* ofxBox2dRender.h */ = {isa = PBXFileReference; explicitFileType = sourcecode.c.h; fileEncoding = 4; name = ofxBox2dRender.h; path = ../../../addons/ofxBox2d/src/ofxBox2dRender.h; sourceTree = SOURCE_ROOT; };
		6C380B1DFE0E88A4F86B7A0C /* b2Collision.h */ = {isa = PBXFileReference; explicitFileType = sourcecode.c.h; fileEncoding = 4; name = b2Collision.h; path = ../../../addons/ofxBox2d/libs/Box2D/Collision/b2Collision.h; sourceTree = SOURCE_ROOT; };
		6E3DCE6BBFE015A7257078C3 /* ofxBox2dConvexPoly.h */ = {isa = PBXFileReference; explicitFileType = sourcecode.c.h; fileEncoding = 4; name = ofxBox2dConvexPoly.h; path = ../../../addons/ofxBox2d/src/ofxBox2dConvexPoly.h; sourceTree = SOURCE_ROOT; };
		722C442E9D47334908C97A13 /* ofxBox2dCircle.cpp */ = {isa = PBXFileReference; explicitFileType = sourcecode.cpp.cpp; fileEncoding = 4; name = ofxBox2dCircle.cpp; path = ../../../addons/ofxBox2d/src/ofxBox2dCircle.cpp; sourceTree = SOURCE_ROOT; };
		727CFF6B9AC92BC78CAFC32D /* b2ChainAndPolygonContact.h */ = {isa = PBXFileReference; explicitFileType = sourcecode.c.h; fileEncoding = 4; name = b2ChainAndPolygonContact.h; path = ../../../addons/ofxBox2d/libs/Box2D/Dynamics/Contacts/b2ChainAndPolygonContact.h; sourceTree = SOURCE_ROOT; };
		72D68EFE6B068991551C750D /* b2TimeOfImpact.cpp */ = {isa = PBXFileReference; explicitFileType = sourcecode.cpp.cpp; fileEncoding = 4; name = b2TimeOfImpact.cpp; path = ../../../addons/ofxBox2d/libs/Box2D/Collision/b2TimeOfImpact.cpp; sourceTree = SOURCE_ROOT; };
		7414DA8EE4DE1570C05C5CA8 /* b2CircleShape.cpp */ = {isa = PBXFileReference; explicitFileType = sourcecode.cpp.cpp; fileEncoding = 4; name = b2CircleShape.cpp; path = ../../../addons/ofxBox2d/libs/Box2D/Collision/Shapes/b2CircleShape.cpp; sourceTree = SOURCE_ROOT; };
		7456407A3E8BFF75FE8BD142 /* triangle.h */ = {isa = PBXFileReference; explicitFileType = sourcecode.c.h; fileEncoding = 4; name = triangle.h; path = ../../../addons/ofxBox2d/libs/triangle/triangle.h; sourceTree = SOURCE_ROOT; };
		768DF885CE87A7BB30033F54 /* ofxBox2dBaseShape.h */ = {isa = PBXFileReference; explicitFileType = sourcecode.c.h; fileEncoding = 4; name = ofxBox2dBaseShape.h; path = ../../../addons/ofxBox2d/src/ofxBox2dBaseShape.h; sourceTree = SOURCE_ROOT; };
		774DDD1B3F05D3FDF0D37794 /* b2Fixture.cpp */ = {isa = PBXFileReference; explicitFileType = sourcecode.cpp.cpp; fileEncoding = 4; name = b2Fixture.cpp; path = ../../../addons/ofxBox2d/libs/Box2D/Dynamics/b2Fixture.cpp; sourceTree = SOURCE_ROOT; };
		77650C5D323B6D9FEA7FD152 /* ofxBox2dJoint.h */ = {isa = PBXFileReference; explicitFileType = sourcecode.c.h; fileEncoding = 4; name = ofxBox2dJoint.h; path = ../../../addons/ofxBox2d/src/ofxBox2dJoint.h; sourceTree = SOURCE_ROOT; };
		77DF4E995F1504BC595D3AB7 /* b2Draw.h */ = {isa = PBXFileReference; explicitFileType = sourcecode.c.h; fileEncoding = 4; name = b2Draw.h; path = ../../../addons/ofxBox2d/libs/Box2D/Common/b2Draw.h; sourceTree = SOURCE_ROOT; };
		791FFDEA82926354CF92141D /* ofxBox2dPolygonUtils.h */ = {isa = PBXFileReference; explicitFileType = sourcecode.c.h; fileEncoding = 4; name = ofxBox2dPolygonUtils.h; path = ../../../addons/ofxBox2d/src/ofxBox2dPolygonUtils.h; sourceTree = SOURCE_ROOT; };
		7A933D69517F0CC4C4061E5E /* b2RopeJoint.h */ = {isa = PBXFileReference; explicitFileType = sourcecode.c.h; fileEncoding = 4; name = b2RopeJoint.h; path = ../../../addons/ofxBox2d/libs/Box2D/Dynamics/Joints/b2RopeJoint.h; sourceTree = SOURCE_ROOT; };
		7C40005C8E31A7EA72DAA169 /* b2ChainAndPolygonContact.cpp */ = {isa = PBXFileReference; explicitFileType = sourcecode.cpp.cpp; fileEncoding = 4; name = b2ChainAndPolygonContact.cpp; path = ../../../addons/ofxBox2d/libs/Box2D/Dynamics/Contacts/b2ChainAndPolygonContact.cpp; sourceTree = SOURCE_ROOT; };
		804B4F86C3DAA1E51794D893 /* b2PolygonAndCircleContact.cpp */ = {isa = PBXFileReference; explicitFileType = sourcecode.cpp.cpp; fileEncoding = 4; name = b2PolygonAndCircleContact.cpp; path = ../../../addons/ofxBox2d/libs/Box2D/Dynamics/Contacts/b2PolygonAndCircleContact.cpp; sourceTree = SOURCE_ROOT; };
		80C3ADE6F054D328A726B4C6 /* b2Island.h */ = {isa = PBXFileReference; explicitFileType = sourcecode.c.h; fileEncoding = 4; name = b2Island.h; path = ../../../addons/ofxBox2d/libs/Box2D/Dynamics/b2Island.h; sourceTree = SOURCE_ROOT; };
		84B1B4A3E366385F8EEECD61 /* b2WeldJoint.cpp */ = {isa = PBXFileReference; explicitFileType = sourcecode.cpp.cpp; fileEncoding = 4; name = b2WeldJoint.cpp; path = ../../../addons/ofxBox2d/libs/Box2D/Dynamics/Joints/b2WeldJoint.cpp; sourceTree = SOURCE_ROOT; };
		876F1723ABBBEB3BFEB3C4E4 /* b2Settings.h */ = {isa = PBXFileReference; explicitFileType = sourcecode.c.h; fileEncoding = 4; name = b2Settings.h; path = ../../../addons/ofxBox2d/libs/Box2D/Common/b2Settings.h; sourceTree = SOURCE_ROOT; };
		8777F9F0D1401F085BFC00B5 /* b2PolygonAndCircleContact.h */ = {isa = PBXFileReference; explicitFileType = sourcecode.c.h; fileEncoding = 4; name = b2PolygonAndCircleContact.h; path = ../../../addons/ofxBox2d/libs/Box2D/Dynamics/Contacts/b2PolygonAndCircleContact.h; sourceTree = SOURCE_ROOT; };
		87C1E2A2CC108C32B0D02B08 /* b2DistanceJoint.cpp */ = {isa = PBXFileReference; explicitFileType = sourcecode.cpp.cpp; fileEncoding = 4; name = b2DistanceJoint.cpp; path = ../../../addons/ofxBox2d/libs/Box2D/Dynamics/Joints/b2DistanceJoint.cpp; sourceTree = SOURCE_ROOT; };
		8C78F1BC97D419A7C064143D /* b2CircleShape.h */ = {isa = PBXFileReference; explicitFileType = sourcecode.c.h; fileEncoding = 4; name = b2CircleShape.h; path = ../../../addons/ofxBox2d/libs/Box2D/Collision/Shapes/b2CircleShape.h; sourceTree = SOURCE_ROOT; };
		8D1FC15F5941283F4A9E70D3 /* b2PrismaticJoint.h */ = {isa = PBXFileReference; explicitFileType = sourcecode.c.h; fileEncoding = 4; name = b2PrismaticJoint.h; path = ../../../addons/ofxBox2d/libs/Box2D/Dynamics/Joints/b2PrismaticJoint.h; sourceTree = SOURCE_ROOT; };
		8FCE85CD7CE653733B1C4438 /* b2EdgeAndCircleContact.h */ = {isa = PBXFileReference; explicitFileType = sourcecode.c.h; fileEncoding = 4; name = b2EdgeAndCircleContact.h; path = ../../../addons/ofxBox2d/libs/Box2D/Dynamics/Contacts/b2EdgeAndCircleContact.h; sourceTree = SOURCE_ROOT; };
		913D87643233A5C480552F13 /* barretta.cpp */ = {isa = PBXFileReference; explicitFileType = sourcecode.cpp.cpp; fileEncoding = 4; name = barretta.cpp; path = src/barretta.cpp; sourceTree = SOURCE_ROOT; };
		920CFC6D7E43EED2B7B03746 /* b2StackAllocator.cpp */ = {isa = PBXFileReference; explicitFileType = sourcecode.cpp.cpp; fileEncoding = 4; name = b2StackAllocator.cpp; path = ../../../addons/ofxBox2d/libs/Box2D/Common/b2StackAllocator.cpp; sourceTree = SOURCE_ROOT; };
		930EB8BAAA6A962411EC197D /* b2GearJoint.cpp */ = {isa = PBXFileReference; explicitFileType = sourcecode.cpp.cpp; fileEncoding = 4; name = b2GearJoint.cpp; path = ../../../addons/ofxBox2d/libs/Box2D/Dynamics/Joints/b2GearJoint.cpp; sourceTree = SOURCE_ROOT; };
		94AB35643F3480EC84C829A7 /* b2Distance.h */ = {isa = PBXFileReference; explicitFileType = sourcecode.c.h; fileEncoding = 4; name = b2Distance.h; path = ../../../addons/ofxBox2d/libs/Box2D/Collision/b2Distance.h; sourceTree = SOURCE_ROOT; };
		98D5D066DCDBDDFA9D043FAE /* b2BlockAllocator.h */ = {isa = PBXFileReference; explicitFileType = sourcecode.c.h; fileEncoding = 4; name = b2BlockAllocator.h; path = ../../../addons/ofxBox2d/libs/Box2D/Common/b2BlockAllocator.h; sourceTree = SOURCE_ROOT; };
		993ABED49FEC53956339BB6C /* del_interface.hpp */ = {isa = PBXFileReference; explicitFileType = sourcecode.c.h; fileEncoding = 4; name = del_interface.hpp; path = ../../../addons/ofxBox2d/libs/triangle/del_interface.hpp; sourceTree = SOURCE_ROOT; };
		993DA2BF507B037B97E6FA16 /* b2PolygonContact.cpp */ = {isa = PBXFileReference; explicitFileType = sourcecode.cpp.cpp; fileEncoding = 4; name = b2PolygonContact.cpp; path = ../../../addons/ofxBox2d/libs/Box2D/Dynamics/Contacts/b2PolygonContact.cpp; sourceTree = SOURCE_ROOT; };
		9A706D5A21950E5A001DA598 /* cell.h */ = {isa = PBXFileReference; lastKnownFileType = sourcecode.c.h; path = cell.h; sourceTree = "<group>"; };
		9B868B25E5784F27CBC75D45 /* b2Draw.cpp */ = {isa = PBXFileReference; explicitFileType = sourcecode.cpp.cpp; fileEncoding = 4; name = b2Draw.cpp; path = ../../../addons/ofxBox2d/libs/Box2D/Common/b2Draw.cpp; sourceTree = SOURCE_ROOT; };
		9E4379C040A2C0896393EEAB /* b2CollidePolygon.cpp */ = {isa = PBXFileReference; explicitFileType = sourcecode.cpp.cpp; fileEncoding = 4; name = b2CollidePolygon.cpp; path = ../../../addons/ofxBox2d/libs/Box2D/Collision/b2CollidePolygon.cpp; sourceTree = SOURCE_ROOT; };
		A296623A714C9F8EDB4BCA26 /* b2Body.cpp */ = {isa = PBXFileReference; explicitFileType = sourcecode.cpp.cpp; fileEncoding = 4; name = b2Body.cpp; path = ../../../addons/ofxBox2d/libs/Box2D/Dynamics/b2Body.cpp; sourceTree = SOURCE_ROOT; };
		A50D78022165A0491D5BACDE /* ofxBox2dJoint.cpp */ = {isa = PBXFileReference; explicitFileType = sourcecode.cpp.cpp; fileEncoding = 4; name = ofxBox2dJoint.cpp; path = ../../../addons/ofxBox2d/src/ofxBox2dJoint.cpp; sourceTree = SOURCE_ROOT; };
		A53D126FAA18A596595C0C6F /* b2Math.h */ = {isa = PBXFileReference; explicitFileType = sourcecode.c.h; fileEncoding = 4; name = b2Math.h; path = ../../../addons/ofxBox2d/libs/Box2D/Common/b2Math.h; sourceTree = SOURCE_ROOT; };
		A69B169F3DE469A29DEBD8A4 /* b2MouseJoint.h */ = {isa = PBXFileReference; explicitFileType = sourcecode.c.h; fileEncoding = 4; name = b2MouseJoint.h; path = ../../../addons/ofxBox2d/libs/Box2D/Dynamics/Joints/b2MouseJoint.h; sourceTree = SOURCE_ROOT; };
		A76D962905D0BA4DE02320A5 /* b2BlockAllocator.cpp */ = {isa = PBXFileReference; explicitFileType = sourcecode.cpp.cpp; fileEncoding = 4; name = b2BlockAllocator.cpp; path = ../../../addons/ofxBox2d/libs/Box2D/Common/b2BlockAllocator.cpp; sourceTree = SOURCE_ROOT; };
		AE658CDA5AA6288D4B5F376D /* b2ChainShape.h */ = {isa = PBXFileReference; explicitFileType = sourcecode.c.h; fileEncoding = 4; name = b2ChainShape.h; path = ../../../addons/ofxBox2d/libs/Box2D/Collision/Shapes/b2ChainShape.h; sourceTree = SOURCE_ROOT; };
		AF1A6A7D5CD5468B3F846A62 /* b2RopeJoint.cpp */ = {isa = PBXFileReference; explicitFileType = sourcecode.cpp.cpp; fileEncoding = 4; name = b2RopeJoint.cpp; path = ../../../addons/ofxBox2d/libs/Box2D/Dynamics/Joints/b2RopeJoint.cpp; sourceTree = SOURCE_ROOT; };
		B4BB2D6A3717A8F7F88D52CD /* b2MotorJoint.cpp */ = {isa = PBXFileReference; explicitFileType = sourcecode.cpp.cpp; fileEncoding = 4; name = b2MotorJoint.cpp; path = ../../../addons/ofxBox2d/libs/Box2D/Dynamics/Joints/b2MotorJoint.cpp; sourceTree = SOURCE_ROOT; };
		B75D46D6B41E78DF2B519A18 /* b2BroadPhase.cpp */ = {isa = PBXFileReference; explicitFileType = sourcecode.cpp.cpp; fileEncoding = 4; name = b2BroadPhase.cpp; path = ../../../addons/ofxBox2d/libs/Box2D/Collision/b2BroadPhase.cpp; sourceTree = SOURCE_ROOT; };
		BB9ACE76F509B35222388D94 /* b2ChainAndCircleContact.h */ = {isa = PBXFileReference; explicitFileType = sourcecode.c.h; fileEncoding = 4; name = b2ChainAndCircleContact.h; path = ../../../addons/ofxBox2d/libs/Box2D/Dynamics/Contacts/b2ChainAndCircleContact.h; sourceTree = SOURCE_ROOT; };
		BBCA857DA9C5F92BF720A6C8 /* b2Contact.cpp */ = {isa = PBXFileReference; explicitFileType = sourcecode.cpp.cpp; fileEncoding = 4; name = b2Contact.cpp; path = ../../../addons/ofxBox2d/libs/Box2D/Dynamics/Contacts/b2Contact.cpp; sourceTree = SOURCE_ROOT; };
		BCA4D5203BFB8EDC3BDAE67F /* b2EdgeAndCircleContact.cpp */ = {isa = PBXFileReference; explicitFileType = sourcecode.cpp.cpp; fileEncoding = 4; name = b2EdgeAndCircleContact.cpp; path = ../../../addons/ofxBox2d/libs/Box2D/Dynamics/Contacts/b2EdgeAndCircleContact.cpp; sourceTree = SOURCE_ROOT; };
		BCCD69F7BE28DA5483CC6DB5 /* b2World.cpp */ = {isa = PBXFileReference; explicitFileType = sourcecode.cpp.cpp; fileEncoding = 4; name = b2World.cpp; path = ../../../addons/ofxBox2d/libs/Box2D/Dynamics/b2World.cpp; sourceTree = SOURCE_ROOT; };
		C0D30BC2DB9B439EAD5EE777 /* assert.hpp */ = {isa = PBXFileReference; explicitFileType = sourcecode.c.h; fileEncoding = 4; name = assert.hpp; path = ../../../addons/ofxBox2d/libs/triangle/assert.hpp; sourceTree = SOURCE_ROOT; };
		C2613E67C51FDE6F55873E38 /* ofxBox2dRect.cpp */ = {isa = PBXFileReference; explicitFileType = sourcecode.cpp.cpp; fileEncoding = 4; name = ofxBox2dRect.cpp; path = ../../../addons/ofxBox2d/src/ofxBox2dRect.cpp; sourceTree = SOURCE_ROOT; };
		C5BA6F0B85A67FE0D5E8B758 /* b2Body.h */ = {isa = PBXFileReference; explicitFileType = sourcecode.c.h; fileEncoding = 4; name = b2Body.h; path = ../../../addons/ofxBox2d/libs/Box2D/Dynamics/b2Body.h; sourceTree = SOURCE_ROOT; };
		C98DFD9C0143227AE69E9569 /* b2ContactSolver.h */ = {isa = PBXFileReference; explicitFileType = sourcecode.c.h; fileEncoding = 4; name = b2ContactSolver.h; path = ../../../addons/ofxBox2d/libs/Box2D/Dynamics/Contacts/b2ContactSolver.h; sourceTree = SOURCE_ROOT; };
		CBF31CB9622E9C4C7CF08C2F /* b2CircleContact.h */ = {isa = PBXFileReference; explicitFileType = sourcecode.c.h; fileEncoding = 4; name = b2CircleContact.h; path = ../../../addons/ofxBox2d/libs/Box2D/Dynamics/Contacts/b2CircleContact.h; sourceTree = SOURCE_ROOT; };
		CC3FCAE32B28B52708484DC5 /* b2PolygonShape.cpp */ = {isa = PBXFileReference; explicitFileType = sourcecode.cpp.cpp; fileEncoding = 4; name = b2PolygonShape.cpp; path = ../../../addons/ofxBox2d/libs/Box2D/Collision/Shapes/b2PolygonShape.cpp; sourceTree = SOURCE_ROOT; };
		CC51D81A14E47315ED87D0EB /* b2MotorJoint.h */ = {isa = PBXFileReference; explicitFileType = sourcecode.c.h; fileEncoding = 4; name = b2MotorJoint.h; path = ../../../addons/ofxBox2d/libs/Box2D/Dynamics/Joints/b2MotorJoint.h; sourceTree = SOURCE_ROOT; };
		CCDF34CEE86AEAF972B25458 /* b2ContactManager.h */ = {isa = PBXFileReference; explicitFileType = sourcecode.c.h; fileEncoding = 4; name = b2ContactManager.h; path = ../../../addons/ofxBox2d/libs/Box2D/Dynamics/b2ContactManager.h; sourceTree = SOURCE_ROOT; };
		CDAE5C35D5C2894A51376A83 /* b2TimeOfImpact.h */ = {isa = PBXFileReference; explicitFileType = sourcecode.c.h; fileEncoding = 4; name = b2TimeOfImpact.h; path = ../../../addons/ofxBox2d/libs/Box2D/Collision/b2TimeOfImpact.h; sourceTree = SOURCE_ROOT; };
		CEADFD55AD63D84738B3BA12 /* grigliata.cpp */ = {isa = PBXFileReference; explicitFileType = sourcecode.cpp.cpp; fileEncoding = 4; name = grigliata.cpp; path = src/grigliata.cpp; sourceTree = SOURCE_ROOT; };
		D074381C138CD3C9FDC40E3E /* b2EdgeAndPolygonContact.h */ = {isa = PBXFileReference; explicitFileType = sourcecode.c.h; fileEncoding = 4; name = b2EdgeAndPolygonContact.h; path = ../../../addons/ofxBox2d/libs/Box2D/Dynamics/Contacts/b2EdgeAndPolygonContact.h; sourceTree = SOURCE_ROOT; };
		D18AF2C4EAE1F91A3CC44475 /* b2WheelJoint.cpp */ = {isa = PBXFileReference; explicitFileType = sourcecode.cpp.cpp; fileEncoding = 4; name = b2WheelJoint.cpp; path = ../../../addons/ofxBox2d/libs/Box2D/Dynamics/Joints/b2WheelJoint.cpp; sourceTree = SOURCE_ROOT; };
		D1C4E6BA769718A192765C07 /* b2BroadPhase.h */ = {isa = PBXFileReference; explicitFileType = sourcecode.c.h; fileEncoding = 4; name = b2BroadPhase.h; path = ../../../addons/ofxBox2d/libs/Box2D/Collision/b2BroadPhase.h; sourceTree = SOURCE_ROOT; };
		D307392F3F50E30959E20EBA /* b2MouseJoint.cpp */ = {isa = PBXFileReference; explicitFileType = sourcecode.cpp.cpp; fileEncoding = 4; name = b2MouseJoint.cpp; path = ../../../addons/ofxBox2d/libs/Box2D/Dynamics/Joints/b2MouseJoint.cpp; sourceTree = SOURCE_ROOT; };
		D469947DF4B5B02B7F0A11DF /* triangle_impl.hpp */ = {isa = PBXFileReference; explicitFileType = sourcecode.c.h; fileEncoding = 4; name = triangle_impl.hpp; path = ../../../addons/ofxBox2d/libs/triangle/triangle_impl.hpp; sourceTree = SOURCE_ROOT; };
		D948A01193607393735FDE81 /* b2GrowableStack.h */ = {isa = PBXFileReference; explicitFileType = sourcecode.c.h; fileEncoding = 4; name = b2GrowableStack.h; path = ../../../addons/ofxBox2d/libs/Box2D/Common/b2GrowableStack.h; sourceTree = SOURCE_ROOT; };
		DA3DF3812439756348C6A0A2 /* grigliata.hpp */ = {isa = PBXFileReference; explicitFileType = sourcecode.c.h; fileEncoding = 4; name = grigliata.hpp; path = src/grigliata.hpp; sourceTree = SOURCE_ROOT; };
		DB5229C686C3BB08137BA36D /* b2CollideEdge.cpp */ = {isa = PBXFileReference; explicitFileType = sourcecode.cpp.cpp; fileEncoding = 4; name = b2CollideEdge.cpp; path = ../../../addons/ofxBox2d/libs/Box2D/Collision/b2CollideEdge.cpp; sourceTree = SOURCE_ROOT; };
		DC5362A0623314D21A9FD849 /* b2DistanceJoint.h */ = {isa = PBXFileReference; explicitFileType = sourcecode.c.h; fileEncoding = 4; name = b2DistanceJoint.h; path = ../../../addons/ofxBox2d/libs/Box2D/Dynamics/Joints/b2DistanceJoint.h; sourceTree = SOURCE_ROOT; };
		DE1998C07EFFBAE8DF6B67E8 /* ofxBox2dEdge.h */ = {isa = PBXFileReference; explicitFileType = sourcecode.c.h; fileEncoding = 4; name = ofxBox2dEdge.h; path = ../../../addons/ofxBox2d/src/ofxBox2dEdge.h; sourceTree = SOURCE_ROOT; };
		DE43534A988827E5CFB416AC /* b2ChainShape.cpp */ = {isa = PBXFileReference; explicitFileType = sourcecode.cpp.cpp; fileEncoding = 4; name = b2ChainShape.cpp; path = ../../../addons/ofxBox2d/libs/Box2D/Collision/Shapes/b2ChainShape.cpp; sourceTree = SOURCE_ROOT; };
		DEED18744D2E82C919D7D152 /* b2PulleyJoint.cpp */ = {isa = PBXFileReference; explicitFileType = sourcecode.cpp.cpp; fileEncoding = 4; name = b2PulleyJoint.cpp; path = ../../../addons/ofxBox2d/libs/Box2D/Dynamics/Joints/b2PulleyJoint.cpp; sourceTree = SOURCE_ROOT; };
		E4328143138ABC890047C5CB /* openFrameworksLib.xcodeproj */ = {isa = PBXFileReference; lastKnownFileType = "wrapper.pb-project"; name = openFrameworksLib.xcodeproj; path = ../../../libs/openFrameworksCompiled/project/osx/openFrameworksLib.xcodeproj; sourceTree = SOURCE_ROOT; };
		E4AF3F64CAC776D23849712F /* ofxBox2dPolygon.h */ = {isa = PBXFileReference; explicitFileType = sourcecode.c.h; fileEncoding = 4; name = ofxBox2dPolygon.h; path = ../../../addons/ofxBox2d/src/ofxBox2dPolygon.h; sourceTree = SOURCE_ROOT; };
		E4B69B5B0A3A1756003C02F2 /* 008Debug.app */ = {isa = PBXFileReference; explicitFileType = wrapper.application; includeInIndex = 0; path = 008Debug.app; sourceTree = BUILT_PRODUCTS_DIR; };
		E4B69E1D0A3A1BDC003C02F2 /* main.cpp */ = {isa = PBXFileReference; fileEncoding = 4; lastKnownFileType = sourcecode.cpp.cpp; name = main.cpp; path = src/main.cpp; sourceTree = SOURCE_ROOT; };
		E4B69E1E0A3A1BDC003C02F2 /* ofApp.cpp */ = {isa = PBXFileReference; explicitFileType = sourcecode.cpp.cpp; fileEncoding = 4; name = ofApp.cpp; path = src/ofApp.cpp; sourceTree = SOURCE_ROOT; };
		E4B69E1F0A3A1BDC003C02F2 /* ofApp.h */ = {isa = PBXFileReference; fileEncoding = 4; lastKnownFileType = sourcecode.c.h; name = ofApp.h; path = src/ofApp.h; sourceTree = SOURCE_ROOT; };
		E4B6FCAD0C3E899E008CF71C /* openFrameworks-Info.plist */ = {isa = PBXFileReference; fileEncoding = 4; lastKnownFileType = text.plist.xml; path = "openFrameworks-Info.plist"; sourceTree = "<group>"; };
		E4EB691F138AFCF100A09F29 /* CoreOF.xcconfig */ = {isa = PBXFileReference; fileEncoding = 4; lastKnownFileType = text.xcconfig; name = CoreOF.xcconfig; path = ../../../libs/openFrameworksCompiled/project/osx/CoreOF.xcconfig; sourceTree = SOURCE_ROOT; };
		E4EB6923138AFD0F00A09F29 /* Project.xcconfig */ = {isa = PBXFileReference; fileEncoding = 4; lastKnownFileType = text.xcconfig; path = Project.xcconfig; sourceTree = "<group>"; };
		E5353287AF773C13F047F446 /* b2EdgeAndPolygonContact.cpp */ = {isa = PBXFileReference; explicitFileType = sourcecode.cpp.cpp; fileEncoding = 4; name = b2EdgeAndPolygonContact.cpp; path = ../../../addons/ofxBox2d/libs/Box2D/Dynamics/Contacts/b2EdgeAndPolygonContact.cpp; sourceTree = SOURCE_ROOT; };
		E555B42DF1D4FF502F76F8AF /* b2Timer.cpp */ = {isa = PBXFileReference; explicitFileType = sourcecode.cpp.cpp; fileEncoding = 4; name = b2Timer.cpp; path = ../../../addons/ofxBox2d/libs/Box2D/Common/b2Timer.cpp; sourceTree = SOURCE_ROOT; };
		E5922CF5578D5431F2AB941D /* b2CollideCircle.cpp */ = {isa = PBXFileReference; explicitFileType = sourcecode.cpp.cpp; fileEncoding = 4; name = b2CollideCircle.cpp; path = ../../../addons/ofxBox2d/libs/Box2D/Collision/b2CollideCircle.cpp; sourceTree = SOURCE_ROOT; };
		E5EDA9377C57A979E49C6C13 /* b2PulleyJoint.h */ = {isa = PBXFileReference; explicitFileType = sourcecode.c.h; fileEncoding = 4; name = b2PulleyJoint.h; path = ../../../addons/ofxBox2d/libs/Box2D/Dynamics/Joints/b2PulleyJoint.h; sourceTree = SOURCE_ROOT; };
		E83DBE901C4B79B39C15DC46 /* b2Distance.cpp */ = {isa = PBXFileReference; explicitFileType = sourcecode.cpp.cpp; fileEncoding = 4; name = b2Distance.cpp; path = ../../../addons/ofxBox2d/libs/Box2D/Collision/b2Distance.cpp; sourceTree = SOURCE_ROOT; };
		EAC7229CC8FEF0087C9482F1 /* b2PrismaticJoint.cpp */ = {isa = PBXFileReference; explicitFileType = sourcecode.cpp.cpp; fileEncoding = 4; name = b2PrismaticJoint.cpp; path = ../../../addons/ofxBox2d/libs/Box2D/Dynamics/Joints/b2PrismaticJoint.cpp; sourceTree = SOURCE_ROOT; };
		EEA3960032DF0A093CEE6990 /* b2World.h */ = {isa = PBXFileReference; explicitFileType = sourcecode.c.h; fileEncoding = 4; name = b2World.h; path = ../../../addons/ofxBox2d/libs/Box2D/Dynamics/b2World.h; sourceTree = SOURCE_ROOT; };
		F0470D1543962FEC83BB4973 /* b2ContactSolver.cpp */ = {isa = PBXFileReference; explicitFileType = sourcecode.cpp.cpp; fileEncoding = 4; name = b2ContactSolver.cpp; path = ../../../addons/ofxBox2d/libs/Box2D/Dynamics/Contacts/b2ContactSolver.cpp; sourceTree = SOURCE_ROOT; };
		F08BD032A5FA53DFA7916CBF /* soundLab.hpp */ = {isa = PBXFileReference; explicitFileType = sourcecode.c.h; fileEncoding = 4; name = soundLab.hpp; path = src/soundLab.hpp; sourceTree = SOURCE_ROOT; };
		F23A5411F24089D7577898A9 /* b2Joint.cpp */ = {isa = PBXFileReference; explicitFileType = sourcecode.cpp.cpp; fileEncoding = 4; name = b2Joint.cpp; path = ../../../addons/ofxBox2d/libs/Box2D/Dynamics/Joints/b2Joint.cpp; sourceTree = SOURCE_ROOT; };
		F3392D405A715A07DCC8FAC2 /* ofxBox2dPolygon.cpp */ = {isa = PBXFileReference; explicitFileType = sourcecode.cpp.cpp; fileEncoding = 4; name = ofxBox2dPolygon.cpp; path = ../../../addons/ofxBox2d/src/ofxBox2dPolygon.cpp; sourceTree = SOURCE_ROOT; };
		F4B51E6F303E7CFF1C9150FA /* b2FrictionJoint.cpp */ = {isa = PBXFileReference; explicitFileType = sourcecode.cpp.cpp; fileEncoding = 4; name = b2FrictionJoint.cpp; path = ../../../addons/ofxBox2d/libs/Box2D/Dynamics/Joints/b2FrictionJoint.cpp; sourceTree = SOURCE_ROOT; };
		F672EBFCB4887C08BBB23527 /* b2Math.cpp */ = {isa = PBXFileReference; explicitFileType = sourcecode.cpp.cpp; fileEncoding = 4; name = b2Math.cpp; path = ../../../addons/ofxBox2d/libs/Box2D/Common/b2Math.cpp; sourceTree = SOURCE_ROOT; };
		F7D2102660E69CDA6D15B64A /* ofxBox2d.h */ = {isa = PBXFileReference; explicitFileType = sourcecode.c.h; fileEncoding = 4; name = ofxBox2d.h; path = ../../../addons/ofxBox2d/src/ofxBox2d.h; sourceTree = SOURCE_ROOT; };
		FA784162B6A8E3A77BBE4D6C /* b2TimeStep.h */ = {isa = PBXFileReference; explicitFileType = sourcecode.c.h; fileEncoding = 4; name = b2TimeStep.h; path = ../../../addons/ofxBox2d/libs/Box2D/Dynamics/b2TimeStep.h; sourceTree = SOURCE_ROOT; };
		FD20B1FFE795860DB1C68BF2 /* b2ChainAndCircleContact.cpp */ = {isa = PBXFileReference; explicitFileType = sourcecode.cpp.cpp; fileEncoding = 4; name = b2ChainAndCircleContact.cpp; path = ../../../addons/ofxBox2d/libs/Box2D/Dynamics/Contacts/b2ChainAndCircleContact.cpp; sourceTree = SOURCE_ROOT; };
/* End PBXFileReference section */

/* Begin PBXFrameworksBuildPhase section */
		E4B69B590A3A1756003C02F2 /* Frameworks */ = {
			isa = PBXFrameworksBuildPhase;
			buildActionMask = 2147483647;
			files = (
				E4328149138ABC9F0047C5CB /* openFrameworksDebug.a in Frameworks */,
			);
			runOnlyForDeploymentPostprocessing = 0;
		};
/* End PBXFrameworksBuildPhase section */

/* Begin PBXGroup section */
		0BE7E79EC87A4756E55789FB /* Box2D */ = {
			isa = PBXGroup;
			children = (
				B950FBF3AE43D9EE9BC61FF5 /* Dynamics */,
				63A6DE8917910BA8F1C7CC40 /* Box2D.h */,
				D9D8B44B877AA16A3E94A02D /* Rope */,
				E964BC1AC23EBD6ADA41DA1A /* Common */,
				5F73569ECAB65FF89185C254 /* Collision */,
			);
			name = Box2D;
			sourceTree = "<group>";
		};
		5492A1491D9E6E88EBB3BE2B /* src */ = {
			isa = PBXGroup;
			children = (
				3C9685D59F4D73A3593DEF83 /* ofxBox2dUtils.h */,
				00E4168327B058F211D9776C /* ofxBox2dCircle.h */,
				DE1998C07EFFBAE8DF6B67E8 /* ofxBox2dEdge.h */,
				502A47DF926E78CB6A25B537 /* ofxBox2dContactListener.h */,
				F7D2102660E69CDA6D15B64A /* ofxBox2d.h */,
				F3392D405A715A07DCC8FAC2 /* ofxBox2dPolygon.cpp */,
				229CB9C8AF92D3460F8D554A /* ofxBox2d.cpp */,
				E4AF3F64CAC776D23849712F /* ofxBox2dPolygon.h */,
				A50D78022165A0491D5BACDE /* ofxBox2dJoint.cpp */,
				77650C5D323B6D9FEA7FD152 /* ofxBox2dJoint.h */,
				C2613E67C51FDE6F55873E38 /* ofxBox2dRect.cpp */,
				6E3DCE6BBFE015A7257078C3 /* ofxBox2dConvexPoly.h */,
				768DF885CE87A7BB30033F54 /* ofxBox2dBaseShape.h */,
				791FFDEA82926354CF92141D /* ofxBox2dPolygonUtils.h */,
				52C6B12E0D9664019EA67FA8 /* ofxBox2dRect.h */,
				722C442E9D47334908C97A13 /* ofxBox2dCircle.cpp */,
				6A1DFAD3E6A60811ED69924F /* ofxBox2dEdge.cpp */,
				6B991C1BAE4D8067BF37E903 /* ofxBox2dRender.h */,
				3B2388BEE23F8A1DD0AADBC6 /* ofxBox2dBaseShape.cpp */,
				17C2E77C2DD6792739DC38F8 /* ofxBox2dConvexPoly.cpp */,
			);
			name = src;
			sourceTree = "<group>";
		};
		5F73569ECAB65FF89185C254 /* Collision */ = {
			isa = PBXGroup;
			children = (
				6C380B1DFE0E88A4F86B7A0C /* b2Collision.h */,
				E83DBE901C4B79B39C15DC46 /* b2Distance.cpp */,
				E5922CF5578D5431F2AB941D /* b2CollideCircle.cpp */,
				9E4379C040A2C0896393EEAB /* b2CollidePolygon.cpp */,
				5738A60D76F5B706CB90C164 /* b2DynamicTree.cpp */,
				61084035F9BAD2E934415139 /* b2DynamicTree.h */,
				78C1ACE5912926BACB499BB4 /* Shapes */,
				CDAE5C35D5C2894A51376A83 /* b2TimeOfImpact.h */,
				72D68EFE6B068991551C750D /* b2TimeOfImpact.cpp */,
				B75D46D6B41E78DF2B519A18 /* b2BroadPhase.cpp */,
				D1C4E6BA769718A192765C07 /* b2BroadPhase.h */,
				94AB35643F3480EC84C829A7 /* b2Distance.h */,
				DB5229C686C3BB08137BA36D /* b2CollideEdge.cpp */,
				076E021C881963FF378F36AD /* b2Collision.cpp */,
			);
			name = Collision;
			sourceTree = "<group>";
		};
		6948EE371B920CB800B5AC1A /* local_addons */ = {
			isa = PBXGroup;
			children = (
			);
			name = local_addons;
			sourceTree = "<group>";
		};
		78C1ACE5912926BACB499BB4 /* Shapes */ = {
			isa = PBXGroup;
			children = (
				DE43534A988827E5CFB416AC /* b2ChainShape.cpp */,
				1D96594EB6BCE7C4A6758E77 /* b2PolygonShape.h */,
				469610240A273862D8B39CE4 /* b2Shape.h */,
				AE658CDA5AA6288D4B5F376D /* b2ChainShape.h */,
				2740F234BABAAF7475AC01AA /* b2EdgeShape.cpp */,
				7414DA8EE4DE1570C05C5CA8 /* b2CircleShape.cpp */,
				CC3FCAE32B28B52708484DC5 /* b2PolygonShape.cpp */,
				4D12562C5F5BBF307AA55E2E /* b2EdgeShape.h */,
				8C78F1BC97D419A7C064143D /* b2CircleShape.h */,
			);
			name = Shapes;
			sourceTree = "<group>";
		};
		81321C92DE6995F7DA246D17 /* Joints */ = {
			isa = PBXGroup;
			children = (
				84B1B4A3E366385F8EEECD61 /* b2WeldJoint.cpp */,
				D307392F3F50E30959E20EBA /* b2MouseJoint.cpp */,
				F4B51E6F303E7CFF1C9150FA /* b2FrictionJoint.cpp */,
				8D1FC15F5941283F4A9E70D3 /* b2PrismaticJoint.h */,
				E5EDA9377C57A979E49C6C13 /* b2PulleyJoint.h */,
				7A933D69517F0CC4C4061E5E /* b2RopeJoint.h */,
				5305DD16135ABC25A2E96F03 /* b2WeldJoint.h */,
				209BCEF79F286C9203801938 /* b2GearJoint.h */,
				DC5362A0623314D21A9FD849 /* b2DistanceJoint.h */,
				A69B169F3DE469A29DEBD8A4 /* b2MouseJoint.h */,
				87C1E2A2CC108C32B0D02B08 /* b2DistanceJoint.cpp */,
				D18AF2C4EAE1F91A3CC44475 /* b2WheelJoint.cpp */,
				B4BB2D6A3717A8F7F88D52CD /* b2MotorJoint.cpp */,
				4C4C77963004E4A4D8FF1D00 /* b2Joint.h */,
				54772CEF289EC0081EEEB3D1 /* b2RevoluteJoint.h */,
				3D48FA57F2101B998AFF455C /* b2RevoluteJoint.cpp */,
				17177733C8AB60D9DDDE9850 /* b2FrictionJoint.h */,
				930EB8BAAA6A962411EC197D /* b2GearJoint.cpp */,
				F23A5411F24089D7577898A9 /* b2Joint.cpp */,
				EAC7229CC8FEF0087C9482F1 /* b2PrismaticJoint.cpp */,
				DEED18744D2E82C919D7D152 /* b2PulleyJoint.cpp */,
				0844A3397D5CCAFD531A4D84 /* b2WheelJoint.h */,
				AF1A6A7D5CD5468B3F846A62 /* b2RopeJoint.cpp */,
				CC51D81A14E47315ED87D0EB /* b2MotorJoint.h */,
			);
			name = Joints;
			sourceTree = "<group>";
		};
		9618C0A0C8712E53CEDB090C /* Contacts */ = {
			isa = PBXGroup;
			children = (
				C98DFD9C0143227AE69E9569 /* b2ContactSolver.h */,
				BB9ACE76F509B35222388D94 /* b2ChainAndCircleContact.h */,
				8777F9F0D1401F085BFC00B5 /* b2PolygonAndCircleContact.h */,
				8FCE85CD7CE653733B1C4438 /* b2EdgeAndCircleContact.h */,
				7C40005C8E31A7EA72DAA169 /* b2ChainAndPolygonContact.cpp */,
				D074381C138CD3C9FDC40E3E /* b2EdgeAndPolygonContact.h */,
				E5353287AF773C13F047F446 /* b2EdgeAndPolygonContact.cpp */,
				FD20B1FFE795860DB1C68BF2 /* b2ChainAndCircleContact.cpp */,
				804B4F86C3DAA1E51794D893 /* b2PolygonAndCircleContact.cpp */,
				050EBA25C966BAEAE3506468 /* b2Contact.h */,
				993DA2BF507B037B97E6FA16 /* b2PolygonContact.cpp */,
				CBF31CB9622E9C4C7CF08C2F /* b2CircleContact.h */,
				727CFF6B9AC92BC78CAFC32D /* b2ChainAndPolygonContact.h */,
				2ED05F6D627B4E70FA2E7678 /* b2PolygonContact.h */,
				F0470D1543962FEC83BB4973 /* b2ContactSolver.cpp */,
				4C1A083AC6F4F462EBC57565 /* b2CircleContact.cpp */,
				BCA4D5203BFB8EDC3BDAE67F /* b2EdgeAndCircleContact.cpp */,
				BBCA857DA9C5F92BF720A6C8 /* b2Contact.cpp */,
			);
			name = Contacts;
			sourceTree = "<group>";
		};
		996B4D5C136F618539A2C28D /* triangle */ = {
			isa = PBXGroup;
			children = (
				4EDF97D9CFA957D48315B0A9 /* dpoint.hpp */,
				D469947DF4B5B02B7F0A11DF /* triangle_impl.hpp */,
				C0D30BC2DB9B439EAD5EE777 /* assert.hpp */,
				7456407A3E8BFF75FE8BD142 /* triangle.h */,
				993ABED49FEC53956339BB6C /* del_interface.hpp */,
				3EC06DC33990374E7508E4EA /* del_impl.cpp */,
			);
			name = triangle;
			sourceTree = "<group>";
		};
		B950FBF3AE43D9EE9BC61FF5 /* Dynamics */ = {
			isa = PBXGroup;
			children = (
				A296623A714C9F8EDB4BCA26 /* b2Body.cpp */,
				BCCD69F7BE28DA5483CC6DB5 /* b2World.cpp */,
				774DDD1B3F05D3FDF0D37794 /* b2Fixture.cpp */,
				EEA3960032DF0A093CEE6990 /* b2World.h */,
				9618C0A0C8712E53CEDB090C /* Contacts */,
				561370923A365A4A9DC9FB8A /* b2WorldCallbacks.cpp */,
				81321C92DE6995F7DA246D17 /* Joints */,
				C5BA6F0B85A67FE0D5E8B758 /* b2Body.h */,
				5C703FD5B2D1D10BAEE01BEA /* b2Island.cpp */,
				67E6103DC0F324FAEB33E3F5 /* b2Fixture.h */,
				FA784162B6A8E3A77BBE4D6C /* b2TimeStep.h */,
				6B0732F355E7243D81EAB81C /* b2WorldCallbacks.h */,
				CCDF34CEE86AEAF972B25458 /* b2ContactManager.h */,
				80C3ADE6F054D328A726B4C6 /* b2Island.h */,
				14F573EB8A3C9D93203E1F20 /* b2ContactManager.cpp */,
			);
			name = Dynamics;
			sourceTree = "<group>";
		};
		BB4B014C10F69532006C3DED /* addons */ = {
			isa = PBXGroup;
			children = (
				BD1B24C549BFA7D54BC59DE3 /* ofxBox2d */,
			);
			name = addons;
			sourceTree = "<group>";
		};
		BD1B24C549BFA7D54BC59DE3 /* ofxBox2d */ = {
			isa = PBXGroup;
			children = (
				5492A1491D9E6E88EBB3BE2B /* src */,
				C4343C0396E7683F2F1D5625 /* libs */,
			);
			name = ofxBox2d;
			sourceTree = "<group>";
		};
		C4343C0396E7683F2F1D5625 /* libs */ = {
			isa = PBXGroup;
			children = (
				996B4D5C136F618539A2C28D /* triangle */,
				0BE7E79EC87A4756E55789FB /* Box2D */,
			);
			name = libs;
			sourceTree = "<group>";
		};
		D9D8B44B877AA16A3E94A02D /* Rope */ = {
			isa = PBXGroup;
			children = (
				59BF1B0E1461AAF080ECFA05 /* b2Rope.h */,
				205C01CCE4351EE1038CED3A /* b2Rope.cpp */,
			);
			name = Rope;
			sourceTree = "<group>";
		};
		E4328144138ABC890047C5CB /* Products */ = {
			isa = PBXGroup;
			children = (
				E4328148138ABC890047C5CB /* openFrameworksDebug.a */,
			);
			name = Products;
			sourceTree = "<group>";
		};
		E4B69B4A0A3A1720003C02F2 = {
			isa = PBXGroup;
			children = (
				E4B6FCAD0C3E899E008CF71C /* openFrameworks-Info.plist */,
				E4EB6923138AFD0F00A09F29 /* Project.xcconfig */,
				E4B69E1C0A3A1BDC003C02F2 /* src */,
				E4EEC9E9138DF44700A80321 /* openFrameworks */,
				BB4B014C10F69532006C3DED /* addons */,
				6948EE371B920CB800B5AC1A /* local_addons */,
				E4B69B5B0A3A1756003C02F2 /* 008Debug.app */,
			);
			sourceTree = "<group>";
		};
		E4B69E1C0A3A1BDC003C02F2 /* src */ = {
			isa = PBXGroup;
			children = (
				E4B69E1D0A3A1BDC003C02F2 /* main.cpp */,
				E4B69E1E0A3A1BDC003C02F2 /* ofApp.cpp */,
				E4B69E1F0A3A1BDC003C02F2 /* ofApp.h */,
				F08BD032A5FA53DFA7916CBF /* soundLab.hpp */,
				58399E428E0105C1B38C3B24 /* soundLab.cpp */,
				CEADFD55AD63D84738B3BA12 /* grigliata.cpp */,
				9A706D5A21950E5A001DA598 /* cell.h */,
				DA3DF3812439756348C6A0A2 /* grigliata.hpp */,
				1CA36BDC81DDC3C3E082D2A9 /* barretta.hpp */,
				913D87643233A5C480552F13 /* barretta.cpp */,
			);
			path = src;
			sourceTree = SOURCE_ROOT;
		};
		E4EEC9E9138DF44700A80321 /* openFrameworks */ = {
			isa = PBXGroup;
			children = (
				E4EB691F138AFCF100A09F29 /* CoreOF.xcconfig */,
				E4328143138ABC890047C5CB /* openFrameworksLib.xcodeproj */,
			);
			name = openFrameworks;
			sourceTree = "<group>";
		};
		E964BC1AC23EBD6ADA41DA1A /* Common */ = {
			isa = PBXGroup;
			children = (
				61D086EE2A0E4D5226F21412 /* b2StackAllocator.h */,
				9B868B25E5784F27CBC75D45 /* b2Draw.cpp */,
				D948A01193607393735FDE81 /* b2GrowableStack.h */,
				A76D962905D0BA4DE02320A5 /* b2BlockAllocator.cpp */,
				98D5D066DCDBDDFA9D043FAE /* b2BlockAllocator.h */,
				52FD632883052641C31C9444 /* b2Settings.cpp */,
				153CA24E1856C156C4C6727F /* b2Timer.h */,
				E555B42DF1D4FF502F76F8AF /* b2Timer.cpp */,
				A53D126FAA18A596595C0C6F /* b2Math.h */,
				920CFC6D7E43EED2B7B03746 /* b2StackAllocator.cpp */,
				F672EBFCB4887C08BBB23527 /* b2Math.cpp */,
				77DF4E995F1504BC595D3AB7 /* b2Draw.h */,
				876F1723ABBBEB3BFEB3C4E4 /* b2Settings.h */,
			);
			name = Common;
			sourceTree = "<group>";
		};
/* End PBXGroup section */

/* Begin PBXNativeTarget section */
		E4B69B5A0A3A1756003C02F2 /* 008 */ = {
			isa = PBXNativeTarget;
			buildConfigurationList = E4B69B5F0A3A1757003C02F2 /* Build configuration list for PBXNativeTarget "008" */;
			buildPhases = (
				E4B69B580A3A1756003C02F2 /* Sources */,
				E4B69B590A3A1756003C02F2 /* Frameworks */,
				E4B6FFFD0C3F9AB9008CF71C /* ShellScript */,
				E4C2427710CC5ABF004149E2 /* CopyFiles */,
				8466F1851C04CA0E00918B1C /* ShellScript */,
			);
			buildRules = (
			);
			dependencies = (
				E4EEB9AC138B136A00A80321 /* PBXTargetDependency */,
			);
			name = 008;
			productName = myOFApp;
			productReference = E4B69B5B0A3A1756003C02F2 /* 008Debug.app */;
			productType = "com.apple.product-type.application";
		};
/* End PBXNativeTarget section */

/* Begin PBXProject section */
		E4B69B4C0A3A1720003C02F2 /* Project object */ = {
			isa = PBXProject;
			attributes = {
				LastUpgradeCheck = 0600;
			};
			buildConfigurationList = E4B69B4D0A3A1720003C02F2 /* Build configuration list for PBXProject "008" */;
			compatibilityVersion = "Xcode 3.2";
			developmentRegion = English;
			hasScannedForEncodings = 0;
			knownRegions = (
				English,
				Japanese,
				French,
				German,
			);
			mainGroup = E4B69B4A0A3A1720003C02F2;
			productRefGroup = E4B69B4A0A3A1720003C02F2;
			projectDirPath = "";
			projectReferences = (
				{
					ProductGroup = E4328144138ABC890047C5CB /* Products */;
					ProjectRef = E4328143138ABC890047C5CB /* openFrameworksLib.xcodeproj */;
				},
			);
			projectRoot = "";
			targets = (
				E4B69B5A0A3A1756003C02F2 /* 008 */,
			);
		};
/* End PBXProject section */

/* Begin PBXReferenceProxy section */
		E4328148138ABC890047C5CB /* openFrameworksDebug.a */ = {
			isa = PBXReferenceProxy;
			fileType = archive.ar;
			path = openFrameworksDebug.a;
			remoteRef = E4328147138ABC890047C5CB /* PBXContainerItemProxy */;
			sourceTree = BUILT_PRODUCTS_DIR;
		};
/* End PBXReferenceProxy section */

/* Begin PBXShellScriptBuildPhase section */
		8466F1851C04CA0E00918B1C /* ShellScript */ = {
			isa = PBXShellScriptBuildPhase;
			buildActionMask = 12;
			files = (
			);
			inputPaths = (
			);
			outputPaths = (
			);
			runOnlyForDeploymentPostprocessing = 0;
			shellPath = /bin/sh;
			shellScript = "echo \"$GCC_PREPROCESSOR_DEFINITIONS\";\nAPPSTORE=`expr \"$GCC_PREPROCESSOR_DEFINITIONS\" : \".*APPSTORE=\\([0-9]*\\)\"`\nif [ -z \"$APPSTORE\" ] ; then\necho \"Note: Not copying bin/data to App Package or doing App Code signing. Use AppStore target for AppStore distribution\";\nelse\n# Copy bin/data into App/Resources\nrsync -avz --exclude='.DS_Store' \"${SRCROOT}/bin/data/\" \"${TARGET_BUILD_DIR}/${UNLOCALIZED_RESOURCES_FOLDER_PATH}/data/\"\n\n# ---- Code Sign App Package ----\n\n# WARNING: You may have to run Clean in Xcode after changing CODE_SIGN_IDENTITY!\n\n# Verify that $CODE_SIGN_IDENTITY is set\nif [ -z \"${CODE_SIGN_IDENTITY}\" ] ; then\necho \"CODE_SIGN_IDENTITY needs to be set for framework code-signing\"\nexit 0\nfi\n\nif [ -z \"${CODE_SIGN_ENTITLEMENTS}\" ] ; then\necho \"CODE_SIGN_ENTITLEMENTS needs to be set for framework code-signing!\"\n\nif [ \"${CONFIGURATION}\" = \"Release\" ] ; then\nexit 1\nelse\n# Code-signing is optional for non-release builds.\nexit 0\nfi\nfi\n\nITEMS=\"\"\n\nFRAMEWORKS_DIR=\"${TARGET_BUILD_DIR}/${FRAMEWORKS_FOLDER_PATH}\"\necho \"$FRAMEWORKS_DIR\"\nif [ -d \"$FRAMEWORKS_DIR\" ] ; then\nFRAMEWORKS=$(find \"${FRAMEWORKS_DIR}\" -depth -type d -name \"*.framework\" -or -name \"*.dylib\" -or -name \"*.bundle\" | sed -e \"s/\\(.*framework\\)/\\1\\/Versions\\/A\\//\")\nRESULT=$?\nif [[ $RESULT != 0 ]] ; then\nexit 1\nfi\n\nITEMS=\"${FRAMEWORKS}\"\nfi\n\nLOGINITEMS_DIR=\"${TARGET_BUILD_DIR}/${CONTENTS_FOLDER_PATH}/Library/LoginItems/\"\nif [ -d \"$LOGINITEMS_DIR\" ] ; then\nLOGINITEMS=$(find \"${LOGINITEMS_DIR}\" -depth -type d -name \"*.app\")\nRESULT=$?\nif [[ $RESULT != 0 ]] ; then\nexit 1\nfi\n\nITEMS=\"${ITEMS}\"$'\\n'\"${LOGINITEMS}\"\nfi\n\n# Prefer the expanded name, if available.\nCODE_SIGN_IDENTITY_FOR_ITEMS=\"${EXPANDED_CODE_SIGN_IDENTITY_NAME}\"\nif [ \"${CODE_SIGN_IDENTITY_FOR_ITEMS}\" = \"\" ] ; then\n# Fall back to old behavior.\nCODE_SIGN_IDENTITY_FOR_ITEMS=\"${CODE_SIGN_IDENTITY}\"\nfi\n\necho \"Identity:\"\necho \"${CODE_SIGN_IDENTITY_FOR_ITEMS}\"\n\necho \"Entitlements:\"\necho \"${CODE_SIGN_ENTITLEMENTS}\"\n\necho \"Found:\"\necho \"${ITEMS}\"\n\n# Change the Internal Field Separator (IFS) so that spaces in paths will not cause problems below.\nSAVED_IFS=$IFS\nIFS=$(echo -en \"\\n\\b\")\n\n# Loop through all items.\nfor ITEM in $ITEMS;\ndo\necho \"Signing '${ITEM}'\"\ncodesign --force --verbose --sign \"${CODE_SIGN_IDENTITY_FOR_ITEMS}\" --entitlements \"${CODE_SIGN_ENTITLEMENTS}\" \"${ITEM}\"\nRESULT=$?\nif [[ $RESULT != 0 ]] ; then\necho \"Failed to sign '${ITEM}'.\"\nIFS=$SAVED_IFS\nexit 1\nfi\ndone\n\n# Restore $IFS.\nIFS=$SAVED_IFS\n\nfi\n";
		};
		E4B6FFFD0C3F9AB9008CF71C /* ShellScript */ = {
			isa = PBXShellScriptBuildPhase;
			buildActionMask = 2147483647;
			files = (
			);
			inputPaths = (
			);
			outputPaths = (
			);
			runOnlyForDeploymentPostprocessing = 0;
			shellPath = /bin/sh;
			shellScript = "mkdir -p \"$TARGET_BUILD_DIR/$PRODUCT_NAME.app/Contents/Resources/\"\n# Copy default icon file into App/Resources\nrsync -aved \"$ICON_FILE\" \"$TARGET_BUILD_DIR/$PRODUCT_NAME.app/Contents/Resources/\"\n# Copy libfmod and change install directory for fmod to run\nrsync -aved \"$OF_PATH/libs/fmodex/lib/osx/libfmodex.dylib\" \"$TARGET_BUILD_DIR/$PRODUCT_NAME.app/Contents/Frameworks/\";\ninstall_name_tool -change @executable_path/libfmodex.dylib @executable_path/../Frameworks/libfmodex.dylib \"$TARGET_BUILD_DIR/$PRODUCT_NAME.app/Contents/MacOS/$PRODUCT_NAME\";\n\necho \"$GCC_PREPROCESSOR_DEFINITIONS\";\n";
		};
/* End PBXShellScriptBuildPhase section */

/* Begin PBXSourcesBuildPhase section */
		E4B69B580A3A1756003C02F2 /* Sources */ = {
			isa = PBXSourcesBuildPhase;
			buildActionMask = 2147483647;
			files = (
				E4B69E200A3A1BDC003C02F2 /* main.cpp in Sources */,
				E4B69E210A3A1BDC003C02F2 /* ofApp.cpp in Sources */,
				567EAD3312621D7A0BE6DBCB /* grigliata.cpp in Sources */,
				F5A472CA08BCAFF8E1985EF7 /* soundLab.cpp in Sources */,
				84C16795ED7DB4BDEF1FBA40 /* barretta.cpp in Sources */,
				DFACEC3A1E9D23315321D7EA /* ofxBox2dPolygon.cpp in Sources */,
				B16C89D9CA996CA8FD860D81 /* ofxBox2d.cpp in Sources */,
				12548B44285B5C07EEA5379C /* ofxBox2dJoint.cpp in Sources */,
				B103DF2084E0F38D03E0E6F1 /* ofxBox2dRect.cpp in Sources */,
				AE9254BC31C3409899D28DC9 /* ofxBox2dCircle.cpp in Sources */,
				4D09B9611BCF4603581DFEE4 /* ofxBox2dEdge.cpp in Sources */,
				F2FF2F9D6699B4B328CB6BE3 /* ofxBox2dBaseShape.cpp in Sources */,
				408954594723264E14D73311 /* ofxBox2dConvexPoly.cpp in Sources */,
				4CC0FD96DE77FF40BBCF8DD8 /* del_impl.cpp in Sources */,
				3E76A164B41BCEB11B15C175 /* b2Body.cpp in Sources */,
				AC527216645D66921FB3E36F /* b2World.cpp in Sources */,
				FA7300BAC71DAC1ABAF6EE15 /* b2Fixture.cpp in Sources */,
				39303C5BE86B7B4AD0770567 /* b2ChainAndPolygonContact.cpp in Sources */,
				0B399DEC7ADBF7A3B1CF81A9 /* b2EdgeAndPolygonContact.cpp in Sources */,
				1FC2864D958F177964A20421 /* b2ChainAndCircleContact.cpp in Sources */,
				7E1AAAB7A2F92465251AE49E /* b2PolygonAndCircleContact.cpp in Sources */,
				41DDB078572B368F685E19F8 /* b2PolygonContact.cpp in Sources */,
				F32187D344F58022DFD48C0F /* b2ContactSolver.cpp in Sources */,
				70ACBBD5DBE2725EC1E99CCF /* b2CircleContact.cpp in Sources */,
				ACB31C66D0D7C71A43276982 /* b2EdgeAndCircleContact.cpp in Sources */,
				BFD2A0EEBE3B4153659EC355 /* b2Contact.cpp in Sources */,
				5146AEB9E58FB1B388820C2A /* b2WorldCallbacks.cpp in Sources */,
				87C5C3DED336B7BB4A5D06D6 /* b2WeldJoint.cpp in Sources */,
				D2969DE2782BAE96A0C7ADC1 /* b2MouseJoint.cpp in Sources */,
				03AC305C546FEDB7C2A7E1A8 /* b2FrictionJoint.cpp in Sources */,
				14F3FB468FED85DD86CC9BCF /* b2DistanceJoint.cpp in Sources */,
				684CFB2E4AC045640B3A61F8 /* b2WheelJoint.cpp in Sources */,
				C1DDE2EB6202440187690701 /* b2MotorJoint.cpp in Sources */,
				A2E6B252D682A7FB048A1644 /* b2RevoluteJoint.cpp in Sources */,
				2A5D09413FD64EB3AF88EF02 /* b2GearJoint.cpp in Sources */,
				14D76FD1B7F190398D120FA4 /* b2Joint.cpp in Sources */,
				64F975DC016F17834FBB9F01 /* b2PrismaticJoint.cpp in Sources */,
				9F9D49CFC30BA1589822E7AB /* b2PulleyJoint.cpp in Sources */,
				9D0AA091FE805EB564CD05D0 /* b2RopeJoint.cpp in Sources */,
				6FCE95D2EF10ACCEC2724688 /* b2Island.cpp in Sources */,
				C3D8EF14A387EA959014AD91 /* b2ContactManager.cpp in Sources */,
				370CDDF0DD53C5453DBD3F22 /* b2Rope.cpp in Sources */,
				89F31F234274A62F3501E2EE /* b2Draw.cpp in Sources */,
				BB885F5F39C8DA070D80EF02 /* b2BlockAllocator.cpp in Sources */,
				CB503B33759F22A302B8FC6E /* b2Settings.cpp in Sources */,
				1BE4156E2DF3B30461C48C70 /* b2Timer.cpp in Sources */,
				0C7BD977292F7D20B41DF594 /* b2StackAllocator.cpp in Sources */,
				22A83FE368C671FA8DBD5E51 /* b2Math.cpp in Sources */,
				A2E3224BF9B63DAA802A0F18 /* b2Distance.cpp in Sources */,
				2F666321514A2075B12CE4EE /* b2CollideCircle.cpp in Sources */,
				298EAD2C029D9959F5B32246 /* b2CollidePolygon.cpp in Sources */,
				71C677669B75120425DE19D4 /* b2DynamicTree.cpp in Sources */,
				453D704CD216672147B2EEC2 /* b2ChainShape.cpp in Sources */,
				6DEA36329DE746459C62983F /* b2EdgeShape.cpp in Sources */,
				DA846513DA696B1E8921BBC3 /* b2CircleShape.cpp in Sources */,
				981EA7C2357295AE8501F4C6 /* b2PolygonShape.cpp in Sources */,
				19894C344A6861A26A61D2C0 /* b2TimeOfImpact.cpp in Sources */,
				1B19FD7E51B73109C4AC02D9 /* b2BroadPhase.cpp in Sources */,
				F387370DB571155BC1282B7D /* b2CollideEdge.cpp in Sources */,
				AC5A3D9E6C3E12122C80F404 /* b2Collision.cpp in Sources */,
			);
			runOnlyForDeploymentPostprocessing = 0;
		};
/* End PBXSourcesBuildPhase section */

/* Begin PBXTargetDependency section */
		E4EEB9AC138B136A00A80321 /* PBXTargetDependency */ = {
			isa = PBXTargetDependency;
			name = openFrameworks;
			targetProxy = E4EEB9AB138B136A00A80321 /* PBXContainerItemProxy */;
		};
/* End PBXTargetDependency section */

/* Begin XCBuildConfiguration section */
		99FA3DBB1C7456C400CFA0EE /* AppStore */ = {
			isa = XCBuildConfiguration;
			baseConfigurationReference = E4EB6923138AFD0F00A09F29 /* Project.xcconfig */;
			buildSettings = {
				CONFIGURATION_BUILD_DIR = "$(SRCROOT)/bin/";
				COPY_PHASE_STRIP = YES;
				DEAD_CODE_STRIPPING = YES;
				GCC_AUTO_VECTORIZATION = YES;
				GCC_ENABLE_SSE3_EXTENSIONS = YES;
				GCC_ENABLE_SUPPLEMENTAL_SSE3_INSTRUCTIONS = YES;
				GCC_INLINES_ARE_PRIVATE_EXTERN = NO;
				GCC_OPTIMIZATION_LEVEL = 3;
				"GCC_PREPROCESSOR_DEFINITIONS[arch=*]" = "DISTRIBUTION=1";
				GCC_SYMBOLS_PRIVATE_EXTERN = NO;
				GCC_UNROLL_LOOPS = YES;
				GCC_WARN_ABOUT_DEPRECATED_FUNCTIONS = YES;
				GCC_WARN_ABOUT_INVALID_OFFSETOF_MACRO = NO;
				GCC_WARN_ALLOW_INCOMPLETE_PROTOCOL = NO;
				GCC_WARN_UNINITIALIZED_AUTOS = NO;
				GCC_WARN_UNUSED_VALUE = NO;
				GCC_WARN_UNUSED_VARIABLE = NO;
				HEADER_SEARCH_PATHS = (
					"$(OF_CORE_HEADERS)",
					src,
					../../../addons/ofxBox2d/libs,
					../../../addons/ofxBox2d/libs/Box2D,
					../../../addons/ofxBox2d/libs/Box2D/Collision,
					../../../addons/ofxBox2d/libs/Box2D/Collision/Shapes,
					../../../addons/ofxBox2d/libs/Box2D/Common,
					../../../addons/ofxBox2d/libs/Box2D/Dynamics,
					../../../addons/ofxBox2d/libs/Box2D/Dynamics/Contacts,
					../../../addons/ofxBox2d/libs/Box2D/Dynamics/Joints,
					../../../addons/ofxBox2d/libs/Box2D/Rope,
					../../../addons/ofxBox2d/libs/triangle,
					../../../addons/ofxBox2d/src,
				);
				MACOSX_DEPLOYMENT_TARGET = 10.9;
				OTHER_CPLUSPLUSFLAGS = (
					"-D__MACOSX_CORE__",
					"-mtune=native",
				);
				SDKROOT = macosx;
			};
			name = AppStore;
		};
		99FA3DBC1C7456C400CFA0EE /* AppStore */ = {
			isa = XCBuildConfiguration;
			baseConfigurationReference = E4EB6923138AFD0F00A09F29 /* Project.xcconfig */;
			buildSettings = {
				COMBINE_HIDPI_IMAGES = YES;
				COPY_PHASE_STRIP = YES;
				FRAMEWORK_SEARCH_PATHS = "$(inherited)";
				GCC_GENERATE_DEBUGGING_SYMBOLS = YES;
				GCC_MODEL_TUNING = NONE;
				"GCC_PREPROCESSOR_DEFINITIONS[arch=*]" = "APPSTORE=1";
				HEADER_SEARCH_PATHS = (
					"$(OF_CORE_HEADERS)",
					src,
					../../../addons/ofxBox2d/libs,
					../../../addons/ofxBox2d/libs/Box2D,
					../../../addons/ofxBox2d/libs/Box2D/Collision,
					../../../addons/ofxBox2d/libs/Box2D/Collision/Shapes,
					../../../addons/ofxBox2d/libs/Box2D/Common,
					../../../addons/ofxBox2d/libs/Box2D/Dynamics,
					../../../addons/ofxBox2d/libs/Box2D/Dynamics/Contacts,
					../../../addons/ofxBox2d/libs/Box2D/Dynamics/Joints,
					../../../addons/ofxBox2d/libs/Box2D/Rope,
					../../../addons/ofxBox2d/libs/triangle,
					../../../addons/ofxBox2d/src,
				);
				ICON = "$(ICON_NAME_RELEASE)";
				ICON_FILE = "$(ICON_FILE_PATH)$(ICON)";
				INFOPLIST_FILE = "openFrameworks-Info.plist";
				INSTALL_PATH = /Applications;
				LIBRARY_SEARCH_PATHS = "$(inherited)";
				PRODUCT_NAME = "$(TARGET_NAME)";
				WRAPPER_EXTENSION = app;
				baseConfigurationReference = E4EB6923138AFD0F00A09F29;
			};
			name = AppStore;
		};
		E4B69B4E0A3A1720003C02F2 /* Debug */ = {
			isa = XCBuildConfiguration;
			baseConfigurationReference = E4EB6923138AFD0F00A09F29 /* Project.xcconfig */;
			buildSettings = {
				CONFIGURATION_BUILD_DIR = "$(SRCROOT)/bin/";
				COPY_PHASE_STRIP = NO;
				DEAD_CODE_STRIPPING = YES;
				GCC_AUTO_VECTORIZATION = YES;
				GCC_ENABLE_SSE3_EXTENSIONS = YES;
				GCC_ENABLE_SUPPLEMENTAL_SSE3_INSTRUCTIONS = YES;
				GCC_INLINES_ARE_PRIVATE_EXTERN = NO;
				GCC_OPTIMIZATION_LEVEL = 0;
				GCC_SYMBOLS_PRIVATE_EXTERN = NO;
				GCC_WARN_ABOUT_DEPRECATED_FUNCTIONS = YES;
				GCC_WARN_ABOUT_INVALID_OFFSETOF_MACRO = NO;
				GCC_WARN_ALLOW_INCOMPLETE_PROTOCOL = NO;
				GCC_WARN_UNINITIALIZED_AUTOS = NO;
				GCC_WARN_UNUSED_VALUE = NO;
				GCC_WARN_UNUSED_VARIABLE = NO;
				HEADER_SEARCH_PATHS = (
					"$(OF_CORE_HEADERS)",
					src,
					../../../addons/ofxBox2d/libs,
					../../../addons/ofxBox2d/libs/Box2D,
					../../../addons/ofxBox2d/libs/Box2D/Collision,
					../../../addons/ofxBox2d/libs/Box2D/Collision/Shapes,
					../../../addons/ofxBox2d/libs/Box2D/Common,
					../../../addons/ofxBox2d/libs/Box2D/Dynamics,
					../../../addons/ofxBox2d/libs/Box2D/Dynamics/Contacts,
					../../../addons/ofxBox2d/libs/Box2D/Dynamics/Joints,
					../../../addons/ofxBox2d/libs/Box2D/Rope,
					../../../addons/ofxBox2d/libs/triangle,
					../../../addons/ofxBox2d/src,
				);
				MACOSX_DEPLOYMENT_TARGET = 10.9;
				ONLY_ACTIVE_ARCH = YES;
				OTHER_CPLUSPLUSFLAGS = (
					"-D__MACOSX_CORE__",
					"-mtune=native",
				);
				SDKROOT = macosx;
			};
			name = Debug;
		};
		E4B69B4F0A3A1720003C02F2 /* Release */ = {
			isa = XCBuildConfiguration;
			baseConfigurationReference = E4EB6923138AFD0F00A09F29 /* Project.xcconfig */;
			buildSettings = {
				CONFIGURATION_BUILD_DIR = "$(SRCROOT)/bin/";
				COPY_PHASE_STRIP = YES;
				DEAD_CODE_STRIPPING = YES;
				GCC_AUTO_VECTORIZATION = YES;
				GCC_ENABLE_SSE3_EXTENSIONS = YES;
				GCC_ENABLE_SUPPLEMENTAL_SSE3_INSTRUCTIONS = YES;
				GCC_INLINES_ARE_PRIVATE_EXTERN = NO;
				GCC_OPTIMIZATION_LEVEL = 3;
				GCC_SYMBOLS_PRIVATE_EXTERN = NO;
				GCC_UNROLL_LOOPS = YES;
				GCC_WARN_ABOUT_DEPRECATED_FUNCTIONS = YES;
				GCC_WARN_ABOUT_INVALID_OFFSETOF_MACRO = NO;
				GCC_WARN_ALLOW_INCOMPLETE_PROTOCOL = NO;
				GCC_WARN_UNINITIALIZED_AUTOS = NO;
				GCC_WARN_UNUSED_VALUE = NO;
				GCC_WARN_UNUSED_VARIABLE = NO;
				HEADER_SEARCH_PATHS = (
					"$(OF_CORE_HEADERS)",
					src,
					../../../addons/ofxBox2d/libs,
					../../../addons/ofxBox2d/libs/Box2D,
					../../../addons/ofxBox2d/libs/Box2D/Collision,
					../../../addons/ofxBox2d/libs/Box2D/Collision/Shapes,
					../../../addons/ofxBox2d/libs/Box2D/Common,
					../../../addons/ofxBox2d/libs/Box2D/Dynamics,
					../../../addons/ofxBox2d/libs/Box2D/Dynamics/Contacts,
					../../../addons/ofxBox2d/libs/Box2D/Dynamics/Joints,
					../../../addons/ofxBox2d/libs/Box2D/Rope,
					../../../addons/ofxBox2d/libs/triangle,
					../../../addons/ofxBox2d/src,
				);
				MACOSX_DEPLOYMENT_TARGET = 10.9;
				OTHER_CPLUSPLUSFLAGS = (
					"-D__MACOSX_CORE__",
					"-mtune=native",
				);
				SDKROOT = macosx;
			};
			name = Release;
		};
		E4B69B600A3A1757003C02F2 /* Debug */ = {
			isa = XCBuildConfiguration;
			baseConfigurationReference = E4EB6923138AFD0F00A09F29 /* Project.xcconfig */;
			buildSettings = {
				COMBINE_HIDPI_IMAGES = YES;
				COPY_PHASE_STRIP = NO;
				FRAMEWORK_SEARCH_PATHS = "$(inherited)";
				GCC_DYNAMIC_NO_PIC = NO;
				GCC_GENERATE_DEBUGGING_SYMBOLS = YES;
				GCC_MODEL_TUNING = NONE;
				HEADER_SEARCH_PATHS = (
					"$(OF_CORE_HEADERS)",
					src,
					../../../addons/ofxBox2d/libs,
					../../../addons/ofxBox2d/libs/Box2D,
					../../../addons/ofxBox2d/libs/Box2D/Collision,
					../../../addons/ofxBox2d/libs/Box2D/Collision/Shapes,
					../../../addons/ofxBox2d/libs/Box2D/Common,
					../../../addons/ofxBox2d/libs/Box2D/Dynamics,
					../../../addons/ofxBox2d/libs/Box2D/Dynamics/Contacts,
					../../../addons/ofxBox2d/libs/Box2D/Dynamics/Joints,
					../../../addons/ofxBox2d/libs/Box2D/Rope,
					../../../addons/ofxBox2d/libs/triangle,
					../../../addons/ofxBox2d/src,
				);
				ICON = "$(ICON_NAME_DEBUG)";
				ICON_FILE = "$(ICON_FILE_PATH)$(ICON)";
				INFOPLIST_FILE = "openFrameworks-Info.plist";
				INSTALL_PATH = /Applications;
				LIBRARY_SEARCH_PATHS = "$(inherited)";
				PRODUCT_NAME = "$(TARGET_NAME)Debug";
				WRAPPER_EXTENSION = app;
			};
			name = Debug;
		};
		E4B69B610A3A1757003C02F2 /* Release */ = {
			isa = XCBuildConfiguration;
			baseConfigurationReference = E4EB6923138AFD0F00A09F29 /* Project.xcconfig */;
			buildSettings = {
				COMBINE_HIDPI_IMAGES = YES;
				COPY_PHASE_STRIP = YES;
				FRAMEWORK_SEARCH_PATHS = "$(inherited)";
				GCC_GENERATE_DEBUGGING_SYMBOLS = YES;
				GCC_MODEL_TUNING = NONE;
				HEADER_SEARCH_PATHS = (
					"$(OF_CORE_HEADERS)",
					src,
					../../../addons/ofxBox2d/libs,
					../../../addons/ofxBox2d/libs/Box2D,
					../../../addons/ofxBox2d/libs/Box2D/Collision,
					../../../addons/ofxBox2d/libs/Box2D/Collision/Shapes,
					../../../addons/ofxBox2d/libs/Box2D/Common,
					../../../addons/ofxBox2d/libs/Box2D/Dynamics,
					../../../addons/ofxBox2d/libs/Box2D/Dynamics/Contacts,
					../../../addons/ofxBox2d/libs/Box2D/Dynamics/Joints,
					../../../addons/ofxBox2d/libs/Box2D/Rope,
					../../../addons/ofxBox2d/libs/triangle,
					../../../addons/ofxBox2d/src,
				);
				ICON = "$(ICON_NAME_RELEASE)";
				ICON_FILE = "$(ICON_FILE_PATH)$(ICON)";
				INFOPLIST_FILE = "openFrameworks-Info.plist";
				INSTALL_PATH = /Applications;
				LIBRARY_SEARCH_PATHS = "$(inherited)";
				PRODUCT_NAME = "$(TARGET_NAME)";
				WRAPPER_EXTENSION = app;
				baseConfigurationReference = E4EB6923138AFD0F00A09F29;
			};
			name = Release;
		};
/* End XCBuildConfiguration section */

/* Begin XCConfigurationList section */
		E4B69B4D0A3A1720003C02F2 /* Build configuration list for PBXProject "008" */ = {
			isa = XCConfigurationList;
			buildConfigurations = (
				E4B69B4E0A3A1720003C02F2 /* Debug */,
				E4B69B4F0A3A1720003C02F2 /* Release */,
				99FA3DBB1C7456C400CFA0EE /* AppStore */,
			);
			defaultConfigurationIsVisible = 0;
			defaultConfigurationName = Release;
		};
		E4B69B5F0A3A1757003C02F2 /* Build configuration list for PBXNativeTarget "008" */ = {
			isa = XCConfigurationList;
			buildConfigurations = (
				E4B69B600A3A1757003C02F2 /* Debug */,
				E4B69B610A3A1757003C02F2 /* Release */,
				99FA3DBC1C7456C400CFA0EE /* AppStore */,
			);
			defaultConfigurationIsVisible = 0;
			defaultConfigurationName = Release;
		};
/* End XCConfigurationList section */
	};
	rootObject = E4B69B4C0A3A1720003C02F2 /* Project object */;
}
